// !$*UTF8*$!
{
	archiveVersion = 1;
	classes = {
	};
	objectVersion = 50;
	objects = {

/* Begin PBXBuildFile section */
		DC00668123B43E330043559E /* main.swift in Sources */ = {isa = PBXBuildFile; fileRef = DC00668023B43E330043559E /* main.swift */; };
		DC00668623B43E560043559E /* 19.swift in Sources */ = {isa = PBXBuildFile; fileRef = DC00668523B43E560043559E /* 19.swift */; };
		DC00668723B43E790043559E /* Computer.swift in Sources */ = {isa = PBXBuildFile; fileRef = DC728549239F0F0A00BD66DF /* Computer.swift */; };
		DC00669123B5BDA90043559E /* main.swift in Sources */ = {isa = PBXBuildFile; fileRef = DC00669023B5BDA90043559E /* main.swift */; };
		DC00669623B5C0640043559E /* 20.swift in Sources */ = {isa = PBXBuildFile; fileRef = DC00669523B5C0640043559E /* 20.swift */; };
		DC00669E23B96F610043559E /* main.swift in Sources */ = {isa = PBXBuildFile; fileRef = DC00669D23B96F610043559E /* main.swift */; };
		DC0066A323B96F730043559E /* 21.swift in Sources */ = {isa = PBXBuildFile; fileRef = DC0066A223B96F730043559E /* 21.swift */; };
		DC0066A423B972670043559E /* Computer.swift in Sources */ = {isa = PBXBuildFile; fileRef = DC728549239F0F0A00BD66DF /* Computer.swift */; };
		DC0066AC23B9913E0043559E /* main.swift in Sources */ = {isa = PBXBuildFile; fileRef = DC0066AB23B9913E0043559E /* main.swift */; };
		DC0066B123B998A00043559E /* 22.swift in Sources */ = {isa = PBXBuildFile; fileRef = DC0066B023B998A00043559E /* 22.swift */; };
		DC04BCFF23A65414007414CB /* main.swift in Sources */ = {isa = PBXBuildFile; fileRef = DC04BCFE23A65414007414CB /* main.swift */; };
		DC04BD0423A654CE007414CB /* 15.swift in Sources */ = {isa = PBXBuildFile; fileRef = DC04BD0323A654CE007414CB /* 15.swift */; };
		DC04BD0523A65507007414CB /* Computer.swift in Sources */ = {isa = PBXBuildFile; fileRef = DC728549239F0F0A00BD66DF /* Computer.swift */; };
		DC059116239D892D00E9A418 /* main.swift in Sources */ = {isa = PBXBuildFile; fileRef = DC059115239D892D00E9A418 /* main.swift */; };
		DC05911B239D894300E9A418 /* 8.swift in Sources */ = {isa = PBXBuildFile; fileRef = DC05911A239D894300E9A418 /* 8.swift */; };
		DC15852B23C028F7007CAE62 /* main.swift in Sources */ = {isa = PBXBuildFile; fileRef = DC15852A23C028F7007CAE62 /* main.swift */; };
		DC15853023C02905007CAE62 /* 23.swift in Sources */ = {isa = PBXBuildFile; fileRef = DC15852F23C02905007CAE62 /* 23.swift */; };
		DC15853123C02962007CAE62 /* Computer.swift in Sources */ = {isa = PBXBuildFile; fileRef = DC728549239F0F0A00BD66DF /* Computer.swift */; };
		DC15853923C17208007CAE62 /* main.swift in Sources */ = {isa = PBXBuildFile; fileRef = DC15853823C17208007CAE62 /* main.swift */; };
		DC15853E23C1727A007CAE62 /* 24.swift in Sources */ = {isa = PBXBuildFile; fileRef = DC15853D23C1727A007CAE62 /* 24.swift */; };
		DC15854623C18F48007CAE62 /* main.swift in Sources */ = {isa = PBXBuildFile; fileRef = DC15854523C18F48007CAE62 /* main.swift */; };
		DC15854A23C18F94007CAE62 /* Computer.swift in Sources */ = {isa = PBXBuildFile; fileRef = DC728549239F0F0A00BD66DF /* Computer.swift */; };
		DC15854C23C18FAA007CAE62 /* 25.swift in Sources */ = {isa = PBXBuildFile; fileRef = DC15854B23C18FAA007CAE62 /* 25.swift */; };
		DC3C43C423A89A7E00BE66A9 /* main.swift in Sources */ = {isa = PBXBuildFile; fileRef = DC3C43C323A89A7E00BE66A9 /* main.swift */; };
		DC3C43C823A89A8800BE66A9 /* Computer.swift in Sources */ = {isa = PBXBuildFile; fileRef = DC728549239F0F0A00BD66DF /* Computer.swift */; };
		DC3C43CA23A89AA300BE66A9 /* 17.swift in Sources */ = {isa = PBXBuildFile; fileRef = DC3C43C923A89AA300BE66A9 /* 17.swift */; };
		DC3D83EE2395A98200782493 /* main.swift in Sources */ = {isa = PBXBuildFile; fileRef = DC3D83ED2395A98200782493 /* main.swift */; };
		DC3D83F32395A99900782493 /* 2.swift in Sources */ = {isa = PBXBuildFile; fileRef = DC3D83F22395A99900782493 /* 2.swift */; };
		DC53BC5323A1E4E100A25E56 /* main.swift in Sources */ = {isa = PBXBuildFile; fileRef = DC53BC5223A1E4E100A25E56 /* main.swift */; };
		DC53BC5723A1E4EB00A25E56 /* Computer.swift in Sources */ = {isa = PBXBuildFile; fileRef = DC728549239F0F0A00BD66DF /* Computer.swift */; };
		DC53BC5923A1E4FB00A25E56 /* 11.swift in Sources */ = {isa = PBXBuildFile; fileRef = DC53BC5823A1E4FB00A25E56 /* 11.swift */; };
		DC559C8123A580ED00E43947 /* main.swift in Sources */ = {isa = PBXBuildFile; fileRef = DC559C8023A580ED00E43947 /* main.swift */; };
		DC559C8623A5818E00E43947 /* 14.swift in Sources */ = {isa = PBXBuildFile; fileRef = DC559C8523A5818E00E43947 /* 14.swift */; };
		DC619692239B5B5E00FFD28C /* main.swift in Sources */ = {isa = PBXBuildFile; fileRef = DC619691239B5B5E00FFD28C /* main.swift */; };
		DC619697239B5B6C00FFD28C /* 6.swift in Sources */ = {isa = PBXBuildFile; fileRef = DC619696239B5B6C00FFD28C /* 6.swift */; };
		DC61969F239B6A6A00FFD28C /* main.swift in Sources */ = {isa = PBXBuildFile; fileRef = DC61969E239B6A6A00FFD28C /* main.swift */; };
		DC6196A4239B6A7C00FFD28C /* 7.swift in Sources */ = {isa = PBXBuildFile; fileRef = DC6196A3239B6A7C00FFD28C /* 7.swift */; };
		DC676BF923944D910088512B /* 1.swift in Sources */ = {isa = PBXBuildFile; fileRef = DC676BF823944D400088512B /* 1.swift */; };
		DC6D0C0B23A816F300722F13 /* main.swift in Sources */ = {isa = PBXBuildFile; fileRef = DC6D0C0A23A816F300722F13 /* main.swift */; };
		DC6D0C1023A8171100722F13 /* 16.swift in Sources */ = {isa = PBXBuildFile; fileRef = DC6D0C0F23A8171100722F13 /* 16.swift */; };
		DC728543239F0E6200BD66DF /* main.swift in Sources */ = {isa = PBXBuildFile; fileRef = DC728542239F0E6200BD66DF /* main.swift */; };
		DC728548239F0E7300BD66DF /* 9.swift in Sources */ = {isa = PBXBuildFile; fileRef = DC728547239F0E7300BD66DF /* 9.swift */; };
		DC72854A239F0F0A00BD66DF /* Computer.swift in Sources */ = {isa = PBXBuildFile; fileRef = DC728549239F0F0A00BD66DF /* Computer.swift */; };
		DC728552239F66DC00BD66DF /* main.swift in Sources */ = {isa = PBXBuildFile; fileRef = DC728551239F66DC00BD66DF /* main.swift */; };
		DC728557239F66F000BD66DF /* 10.swift in Sources */ = {isa = PBXBuildFile; fileRef = DC728556239F66F000BD66DF /* 10.swift */; };
		DC77806A23AB344900FF857D /* main.swift in Sources */ = {isa = PBXBuildFile; fileRef = DC77806923AB344900FF857D /* main.swift */; };
		DC77806F23AB349C00FF857D /* 18.swift in Sources */ = {isa = PBXBuildFile; fileRef = DC77806E23AB349C00FF857D /* 18.swift */; };
		DC9C3B2223B2D2B70053FFF1 /* 18pt2.swift in Sources */ = {isa = PBXBuildFile; fileRef = DC9C3B2123B2D2B70053FFF1 /* 18pt2.swift */; };
		DCA948B22396271C00FDD597 /* main.swift in Sources */ = {isa = PBXBuildFile; fileRef = DCA948B12396271C00FDD597 /* main.swift */; };
		DCA948B72396273400FDD597 /* 3.swift in Sources */ = {isa = PBXBuildFile; fileRef = DCA948B62396273400FDD597 /* 3.swift */; };
		DCAC8E8823995F9F000F814A /* main.swift in Sources */ = {isa = PBXBuildFile; fileRef = DCAC8E8723995F9F000F814A /* main.swift */; };
		DCAC8E8D23996005000F814A /* 5.swift in Sources */ = {isa = PBXBuildFile; fileRef = DCAC8E8C23996005000F814A /* 5.swift */; };
		DCD86593239448D1003FD49F /* main.swift in Sources */ = {isa = PBXBuildFile; fileRef = DCD86592239448D1003FD49F /* main.swift */; };
		DCD865A22394492C003FD49F /* main.swift in Sources */ = {isa = PBXBuildFile; fileRef = DCD865A12394492C003FD49F /* main.swift */; };
		DCDA24EC2398529D00E9A261 /* main.swift in Sources */ = {isa = PBXBuildFile; fileRef = DCDA24EB2398529D00E9A261 /* main.swift */; };
		DCDA24F1239852AF00E9A261 /* 4.swift in Sources */ = {isa = PBXBuildFile; fileRef = DCDA24F0239852AF00E9A261 /* 4.swift */; };
		DCF8E9BB23A33B7F00F5CC58 /* main.swift in Sources */ = {isa = PBXBuildFile; fileRef = DCF8E9BA23A33B7F00F5CC58 /* main.swift */; };
		DCF8E9C023A33B8C00F5CC58 /* 12.swift in Sources */ = {isa = PBXBuildFile; fileRef = DCF8E9BF23A33B8C00F5CC58 /* 12.swift */; };
		DCF8E9C823A3F4EA00F5CC58 /* main.swift in Sources */ = {isa = PBXBuildFile; fileRef = DCF8E9C723A3F4EA00F5CC58 /* main.swift */; };
		DCF8E9CC23A3F4F200F5CC58 /* Computer.swift in Sources */ = {isa = PBXBuildFile; fileRef = DC728549239F0F0A00BD66DF /* Computer.swift */; };
		DCF8E9CE23A3F4FF00F5CC58 /* 13.swift in Sources */ = {isa = PBXBuildFile; fileRef = DCF8E9CD23A3F4FF00F5CC58 /* 13.swift */; };
/* End PBXBuildFile section */

/* Begin PBXCopyFilesBuildPhase section */
		DC00667C23B43E330043559E /* CopyFiles */ = {
			isa = PBXCopyFilesBuildPhase;
			buildActionMask = 2147483647;
			dstPath = /usr/share/man/man1/;
			dstSubfolderSpec = 0;
			files = (
			);
			runOnlyForDeploymentPostprocessing = 1;
		};
		DC00668C23B5BDA90043559E /* CopyFiles */ = {
			isa = PBXCopyFilesBuildPhase;
			buildActionMask = 2147483647;
			dstPath = /usr/share/man/man1/;
			dstSubfolderSpec = 0;
			files = (
			);
			runOnlyForDeploymentPostprocessing = 1;
		};
		DC00669923B96F610043559E /* CopyFiles */ = {
			isa = PBXCopyFilesBuildPhase;
			buildActionMask = 2147483647;
			dstPath = /usr/share/man/man1/;
			dstSubfolderSpec = 0;
			files = (
			);
			runOnlyForDeploymentPostprocessing = 1;
		};
		DC0066A723B9913E0043559E /* CopyFiles */ = {
			isa = PBXCopyFilesBuildPhase;
			buildActionMask = 2147483647;
			dstPath = /usr/share/man/man1/;
			dstSubfolderSpec = 0;
			files = (
			);
			runOnlyForDeploymentPostprocessing = 1;
		};
		DC04BCFA23A65414007414CB /* CopyFiles */ = {
			isa = PBXCopyFilesBuildPhase;
			buildActionMask = 2147483647;
			dstPath = /usr/share/man/man1/;
			dstSubfolderSpec = 0;
			files = (
			);
			runOnlyForDeploymentPostprocessing = 1;
		};
		DC059111239D892D00E9A418 /* CopyFiles */ = {
			isa = PBXCopyFilesBuildPhase;
			buildActionMask = 2147483647;
			dstPath = /usr/share/man/man1/;
			dstSubfolderSpec = 0;
			files = (
			);
			runOnlyForDeploymentPostprocessing = 1;
		};
		DC15852623C028F7007CAE62 /* CopyFiles */ = {
			isa = PBXCopyFilesBuildPhase;
			buildActionMask = 2147483647;
			dstPath = /usr/share/man/man1/;
			dstSubfolderSpec = 0;
			files = (
			);
			runOnlyForDeploymentPostprocessing = 1;
		};
		DC15853423C17208007CAE62 /* CopyFiles */ = {
			isa = PBXCopyFilesBuildPhase;
			buildActionMask = 2147483647;
			dstPath = /usr/share/man/man1/;
			dstSubfolderSpec = 0;
			files = (
			);
			runOnlyForDeploymentPostprocessing = 1;
		};
		DC15854123C18F48007CAE62 /* CopyFiles */ = {
			isa = PBXCopyFilesBuildPhase;
			buildActionMask = 2147483647;
			dstPath = /usr/share/man/man1/;
			dstSubfolderSpec = 0;
			files = (
			);
			runOnlyForDeploymentPostprocessing = 1;
		};
		DC3C43BF23A89A7E00BE66A9 /* CopyFiles */ = {
			isa = PBXCopyFilesBuildPhase;
			buildActionMask = 2147483647;
			dstPath = /usr/share/man/man1/;
			dstSubfolderSpec = 0;
			files = (
			);
			runOnlyForDeploymentPostprocessing = 1;
		};
		DC3D83E92395A98100782493 /* CopyFiles */ = {
			isa = PBXCopyFilesBuildPhase;
			buildActionMask = 2147483647;
			dstPath = /usr/share/man/man1/;
			dstSubfolderSpec = 0;
			files = (
			);
			runOnlyForDeploymentPostprocessing = 1;
		};
		DC53BC4E23A1E4E100A25E56 /* CopyFiles */ = {
			isa = PBXCopyFilesBuildPhase;
			buildActionMask = 2147483647;
			dstPath = /usr/share/man/man1/;
			dstSubfolderSpec = 0;
			files = (
			);
			runOnlyForDeploymentPostprocessing = 1;
		};
		DC559C7C23A580ED00E43947 /* CopyFiles */ = {
			isa = PBXCopyFilesBuildPhase;
			buildActionMask = 2147483647;
			dstPath = /usr/share/man/man1/;
			dstSubfolderSpec = 0;
			files = (
			);
			runOnlyForDeploymentPostprocessing = 1;
		};
		DC61968D239B5B5E00FFD28C /* CopyFiles */ = {
			isa = PBXCopyFilesBuildPhase;
			buildActionMask = 2147483647;
			dstPath = /usr/share/man/man1/;
			dstSubfolderSpec = 0;
			files = (
			);
			runOnlyForDeploymentPostprocessing = 1;
		};
		DC61969A239B6A6A00FFD28C /* CopyFiles */ = {
			isa = PBXCopyFilesBuildPhase;
			buildActionMask = 2147483647;
			dstPath = /usr/share/man/man1/;
			dstSubfolderSpec = 0;
			files = (
			);
			runOnlyForDeploymentPostprocessing = 1;
		};
		DC6D0C0623A816F300722F13 /* CopyFiles */ = {
			isa = PBXCopyFilesBuildPhase;
			buildActionMask = 2147483647;
			dstPath = /usr/share/man/man1/;
			dstSubfolderSpec = 0;
			files = (
			);
			runOnlyForDeploymentPostprocessing = 1;
		};
		DC72853E239F0E6200BD66DF /* CopyFiles */ = {
			isa = PBXCopyFilesBuildPhase;
			buildActionMask = 2147483647;
			dstPath = /usr/share/man/man1/;
			dstSubfolderSpec = 0;
			files = (
			);
			runOnlyForDeploymentPostprocessing = 1;
		};
		DC72854D239F66DC00BD66DF /* CopyFiles */ = {
			isa = PBXCopyFilesBuildPhase;
			buildActionMask = 2147483647;
			dstPath = /usr/share/man/man1/;
			dstSubfolderSpec = 0;
			files = (
			);
			runOnlyForDeploymentPostprocessing = 1;
		};
		DC77806523AB344900FF857D /* CopyFiles */ = {
			isa = PBXCopyFilesBuildPhase;
			buildActionMask = 2147483647;
			dstPath = /usr/share/man/man1/;
			dstSubfolderSpec = 0;
			files = (
			);
			runOnlyForDeploymentPostprocessing = 1;
		};
		DCA948AD2396271C00FDD597 /* CopyFiles */ = {
			isa = PBXCopyFilesBuildPhase;
			buildActionMask = 2147483647;
			dstPath = /usr/share/man/man1/;
			dstSubfolderSpec = 0;
			files = (
			);
			runOnlyForDeploymentPostprocessing = 1;
		};
		DCAC8E8323995F9F000F814A /* CopyFiles */ = {
			isa = PBXCopyFilesBuildPhase;
			buildActionMask = 2147483647;
			dstPath = /usr/share/man/man1/;
			dstSubfolderSpec = 0;
			files = (
			);
			runOnlyForDeploymentPostprocessing = 1;
		};
		DCD8658D239448D1003FD49F /* CopyFiles */ = {
			isa = PBXCopyFilesBuildPhase;
			buildActionMask = 2147483647;
			dstPath = /usr/share/man/man1/;
			dstSubfolderSpec = 0;
			files = (
			);
			runOnlyForDeploymentPostprocessing = 1;
		};
		DCD8659D2394492C003FD49F /* CopyFiles */ = {
			isa = PBXCopyFilesBuildPhase;
			buildActionMask = 2147483647;
			dstPath = /usr/share/man/man1/;
			dstSubfolderSpec = 0;
			files = (
			);
			runOnlyForDeploymentPostprocessing = 1;
		};
		DCDA24E72398529D00E9A261 /* CopyFiles */ = {
			isa = PBXCopyFilesBuildPhase;
			buildActionMask = 2147483647;
			dstPath = /usr/share/man/man1/;
			dstSubfolderSpec = 0;
			files = (
			);
			runOnlyForDeploymentPostprocessing = 1;
		};
		DCF8E9B623A33B7F00F5CC58 /* CopyFiles */ = {
			isa = PBXCopyFilesBuildPhase;
			buildActionMask = 2147483647;
			dstPath = /usr/share/man/man1/;
			dstSubfolderSpec = 0;
			files = (
			);
			runOnlyForDeploymentPostprocessing = 1;
		};
		DCF8E9C323A3F4EA00F5CC58 /* CopyFiles */ = {
			isa = PBXCopyFilesBuildPhase;
			buildActionMask = 2147483647;
			dstPath = /usr/share/man/man1/;
			dstSubfolderSpec = 0;
			files = (
			);
			runOnlyForDeploymentPostprocessing = 1;
		};
/* End PBXCopyFilesBuildPhase section */

/* Begin PBXFileReference section */
		DC00667E23B43E330043559E /* 19 */ = {isa = PBXFileReference; explicitFileType = "compiled.mach-o.executable"; includeInIndex = 0; path = 19; sourceTree = BUILT_PRODUCTS_DIR; };
		DC00668023B43E330043559E /* main.swift */ = {isa = PBXFileReference; lastKnownFileType = sourcecode.swift; path = main.swift; sourceTree = "<group>"; };
		DC00668523B43E560043559E /* 19.swift */ = {isa = PBXFileReference; lastKnownFileType = sourcecode.swift; path = 19.swift; sourceTree = "<group>"; };
		DC00668E23B5BDA90043559E /* 20 */ = {isa = PBXFileReference; explicitFileType = "compiled.mach-o.executable"; includeInIndex = 0; path = 20; sourceTree = BUILT_PRODUCTS_DIR; };
		DC00669023B5BDA90043559E /* main.swift */ = {isa = PBXFileReference; lastKnownFileType = sourcecode.swift; path = main.swift; sourceTree = "<group>"; };
		DC00669523B5C0640043559E /* 20.swift */ = {isa = PBXFileReference; lastKnownFileType = sourcecode.swift; path = 20.swift; sourceTree = "<group>"; };
		DC00669B23B96F610043559E /* 21 */ = {isa = PBXFileReference; explicitFileType = "compiled.mach-o.executable"; includeInIndex = 0; path = 21; sourceTree = BUILT_PRODUCTS_DIR; };
		DC00669D23B96F610043559E /* main.swift */ = {isa = PBXFileReference; lastKnownFileType = sourcecode.swift; path = main.swift; sourceTree = "<group>"; };
		DC0066A223B96F730043559E /* 21.swift */ = {isa = PBXFileReference; lastKnownFileType = sourcecode.swift; path = 21.swift; sourceTree = "<group>"; };
		DC0066A923B9913E0043559E /* 22 */ = {isa = PBXFileReference; explicitFileType = "compiled.mach-o.executable"; includeInIndex = 0; path = 22; sourceTree = BUILT_PRODUCTS_DIR; };
		DC0066AB23B9913E0043559E /* main.swift */ = {isa = PBXFileReference; lastKnownFileType = sourcecode.swift; path = main.swift; sourceTree = "<group>"; };
		DC0066B023B998A00043559E /* 22.swift */ = {isa = PBXFileReference; lastKnownFileType = sourcecode.swift; path = 22.swift; sourceTree = "<group>"; };
		DC04BCFC23A65414007414CB /* 15 */ = {isa = PBXFileReference; explicitFileType = "compiled.mach-o.executable"; includeInIndex = 0; path = 15; sourceTree = BUILT_PRODUCTS_DIR; };
		DC04BCFE23A65414007414CB /* main.swift */ = {isa = PBXFileReference; lastKnownFileType = sourcecode.swift; path = main.swift; sourceTree = "<group>"; };
		DC04BD0323A654CE007414CB /* 15.swift */ = {isa = PBXFileReference; lastKnownFileType = sourcecode.swift; path = 15.swift; sourceTree = "<group>"; };
		DC059113239D892D00E9A418 /* 8 */ = {isa = PBXFileReference; explicitFileType = "compiled.mach-o.executable"; includeInIndex = 0; path = 8; sourceTree = BUILT_PRODUCTS_DIR; };
		DC059115239D892D00E9A418 /* main.swift */ = {isa = PBXFileReference; lastKnownFileType = sourcecode.swift; path = main.swift; sourceTree = "<group>"; };
		DC05911A239D894300E9A418 /* 8.swift */ = {isa = PBXFileReference; lastKnownFileType = sourcecode.swift; path = 8.swift; sourceTree = "<group>"; };
		DC15852823C028F7007CAE62 /* 23 */ = {isa = PBXFileReference; explicitFileType = "compiled.mach-o.executable"; includeInIndex = 0; path = 23; sourceTree = BUILT_PRODUCTS_DIR; };
		DC15852A23C028F7007CAE62 /* main.swift */ = {isa = PBXFileReference; lastKnownFileType = sourcecode.swift; path = main.swift; sourceTree = "<group>"; };
		DC15852F23C02905007CAE62 /* 23.swift */ = {isa = PBXFileReference; lastKnownFileType = sourcecode.swift; path = 23.swift; sourceTree = "<group>"; };
		DC15853623C17208007CAE62 /* 24 */ = {isa = PBXFileReference; explicitFileType = "compiled.mach-o.executable"; includeInIndex = 0; path = 24; sourceTree = BUILT_PRODUCTS_DIR; };
		DC15853823C17208007CAE62 /* main.swift */ = {isa = PBXFileReference; lastKnownFileType = sourcecode.swift; path = main.swift; sourceTree = "<group>"; };
		DC15853D23C1727A007CAE62 /* 24.swift */ = {isa = PBXFileReference; lastKnownFileType = sourcecode.swift; path = 24.swift; sourceTree = "<group>"; };
		DC15854323C18F48007CAE62 /* 25 */ = {isa = PBXFileReference; explicitFileType = "compiled.mach-o.executable"; includeInIndex = 0; path = 25; sourceTree = BUILT_PRODUCTS_DIR; };
		DC15854523C18F48007CAE62 /* main.swift */ = {isa = PBXFileReference; lastKnownFileType = sourcecode.swift; path = main.swift; sourceTree = "<group>"; };
		DC15854B23C18FAA007CAE62 /* 25.swift */ = {isa = PBXFileReference; lastKnownFileType = sourcecode.swift; path = 25.swift; sourceTree = "<group>"; };
		DC3C43C123A89A7E00BE66A9 /* 17 */ = {isa = PBXFileReference; explicitFileType = "compiled.mach-o.executable"; includeInIndex = 0; path = 17; sourceTree = BUILT_PRODUCTS_DIR; };
		DC3C43C323A89A7E00BE66A9 /* main.swift */ = {isa = PBXFileReference; lastKnownFileType = sourcecode.swift; path = main.swift; sourceTree = "<group>"; };
		DC3C43C923A89AA300BE66A9 /* 17.swift */ = {isa = PBXFileReference; lastKnownFileType = sourcecode.swift; path = 17.swift; sourceTree = "<group>"; };
		DC3D83EB2395A98100782493 /* 2 */ = {isa = PBXFileReference; explicitFileType = "compiled.mach-o.executable"; includeInIndex = 0; path = 2; sourceTree = BUILT_PRODUCTS_DIR; };
		DC3D83ED2395A98200782493 /* main.swift */ = {isa = PBXFileReference; lastKnownFileType = sourcecode.swift; path = main.swift; sourceTree = "<group>"; };
		DC3D83F22395A99900782493 /* 2.swift */ = {isa = PBXFileReference; lastKnownFileType = sourcecode.swift; path = 2.swift; sourceTree = "<group>"; };
		DC53BC5023A1E4E100A25E56 /* 11 */ = {isa = PBXFileReference; explicitFileType = "compiled.mach-o.executable"; includeInIndex = 0; path = 11; sourceTree = BUILT_PRODUCTS_DIR; };
		DC53BC5223A1E4E100A25E56 /* main.swift */ = {isa = PBXFileReference; lastKnownFileType = sourcecode.swift; path = main.swift; sourceTree = "<group>"; };
		DC53BC5823A1E4FB00A25E56 /* 11.swift */ = {isa = PBXFileReference; lastKnownFileType = sourcecode.swift; path = 11.swift; sourceTree = "<group>"; };
		DC559C7E23A580ED00E43947 /* 14 */ = {isa = PBXFileReference; explicitFileType = "compiled.mach-o.executable"; includeInIndex = 0; path = 14; sourceTree = BUILT_PRODUCTS_DIR; };
		DC559C8023A580ED00E43947 /* main.swift */ = {isa = PBXFileReference; lastKnownFileType = sourcecode.swift; path = main.swift; sourceTree = "<group>"; };
		DC559C8523A5818E00E43947 /* 14.swift */ = {isa = PBXFileReference; lastKnownFileType = sourcecode.swift; path = 14.swift; sourceTree = "<group>"; };
		DC61968F239B5B5E00FFD28C /* 6 */ = {isa = PBXFileReference; explicitFileType = "compiled.mach-o.executable"; includeInIndex = 0; path = 6; sourceTree = BUILT_PRODUCTS_DIR; };
		DC619691239B5B5E00FFD28C /* main.swift */ = {isa = PBXFileReference; lastKnownFileType = sourcecode.swift; path = main.swift; sourceTree = "<group>"; };
		DC619696239B5B6C00FFD28C /* 6.swift */ = {isa = PBXFileReference; lastKnownFileType = sourcecode.swift; path = 6.swift; sourceTree = "<group>"; };
		DC61969C239B6A6A00FFD28C /* 7 */ = {isa = PBXFileReference; explicitFileType = "compiled.mach-o.executable"; includeInIndex = 0; path = 7; sourceTree = BUILT_PRODUCTS_DIR; };
		DC61969E239B6A6A00FFD28C /* main.swift */ = {isa = PBXFileReference; lastKnownFileType = sourcecode.swift; path = main.swift; sourceTree = "<group>"; };
		DC6196A3239B6A7C00FFD28C /* 7.swift */ = {isa = PBXFileReference; lastKnownFileType = sourcecode.swift; path = 7.swift; sourceTree = "<group>"; };
		DC676BF823944D400088512B /* 1.swift */ = {isa = PBXFileReference; fileEncoding = 4; lastKnownFileType = sourcecode.swift; path = 1.swift; sourceTree = "<group>"; };
		DC6D0C0823A816F300722F13 /* 16 */ = {isa = PBXFileReference; explicitFileType = "compiled.mach-o.executable"; includeInIndex = 0; path = 16; sourceTree = BUILT_PRODUCTS_DIR; };
		DC6D0C0A23A816F300722F13 /* main.swift */ = {isa = PBXFileReference; lastKnownFileType = sourcecode.swift; path = main.swift; sourceTree = "<group>"; };
		DC6D0C0F23A8171100722F13 /* 16.swift */ = {isa = PBXFileReference; lastKnownFileType = sourcecode.swift; path = 16.swift; sourceTree = "<group>"; };
		DC728540239F0E6200BD66DF /* 9 */ = {isa = PBXFileReference; explicitFileType = "compiled.mach-o.executable"; includeInIndex = 0; path = 9; sourceTree = BUILT_PRODUCTS_DIR; };
		DC728542239F0E6200BD66DF /* main.swift */ = {isa = PBXFileReference; lastKnownFileType = sourcecode.swift; path = main.swift; sourceTree = "<group>"; };
		DC728547239F0E7300BD66DF /* 9.swift */ = {isa = PBXFileReference; lastKnownFileType = sourcecode.swift; path = 9.swift; sourceTree = "<group>"; };
		DC728549239F0F0A00BD66DF /* Computer.swift */ = {isa = PBXFileReference; lastKnownFileType = sourcecode.swift; path = Computer.swift; sourceTree = "<group>"; };
		DC72854F239F66DC00BD66DF /* 10 */ = {isa = PBXFileReference; explicitFileType = "compiled.mach-o.executable"; includeInIndex = 0; path = 10; sourceTree = BUILT_PRODUCTS_DIR; };
		DC728551239F66DC00BD66DF /* main.swift */ = {isa = PBXFileReference; lastKnownFileType = sourcecode.swift; path = main.swift; sourceTree = "<group>"; };
		DC728556239F66F000BD66DF /* 10.swift */ = {isa = PBXFileReference; lastKnownFileType = sourcecode.swift; path = 10.swift; sourceTree = "<group>"; };
		DC77806723AB344900FF857D /* 18 */ = {isa = PBXFileReference; explicitFileType = "compiled.mach-o.executable"; includeInIndex = 0; path = 18; sourceTree = BUILT_PRODUCTS_DIR; };
		DC77806923AB344900FF857D /* main.swift */ = {isa = PBXFileReference; lastKnownFileType = sourcecode.swift; path = main.swift; sourceTree = "<group>"; };
		DC77806E23AB349C00FF857D /* 18.swift */ = {isa = PBXFileReference; lastKnownFileType = sourcecode.swift; path = 18.swift; sourceTree = "<group>"; };
		DC9C3B2123B2D2B70053FFF1 /* 18pt2.swift */ = {isa = PBXFileReference; lastKnownFileType = sourcecode.swift; path = 18pt2.swift; sourceTree = "<group>"; };
		DCA948AF2396271C00FDD597 /* 3 */ = {isa = PBXFileReference; explicitFileType = "compiled.mach-o.executable"; includeInIndex = 0; path = 3; sourceTree = BUILT_PRODUCTS_DIR; };
		DCA948B12396271C00FDD597 /* main.swift */ = {isa = PBXFileReference; lastKnownFileType = sourcecode.swift; path = main.swift; sourceTree = "<group>"; };
		DCA948B62396273400FDD597 /* 3.swift */ = {isa = PBXFileReference; lastKnownFileType = sourcecode.swift; path = 3.swift; sourceTree = "<group>"; };
		DCAC8E8523995F9F000F814A /* 5 */ = {isa = PBXFileReference; explicitFileType = "compiled.mach-o.executable"; includeInIndex = 0; path = 5; sourceTree = BUILT_PRODUCTS_DIR; };
		DCAC8E8723995F9F000F814A /* main.swift */ = {isa = PBXFileReference; lastKnownFileType = sourcecode.swift; path = main.swift; sourceTree = "<group>"; };
		DCAC8E8C23996005000F814A /* 5.swift */ = {isa = PBXFileReference; lastKnownFileType = sourcecode.swift; path = 5.swift; sourceTree = "<group>"; };
		DCD8658F239448D1003FD49F /* Advent2019 */ = {isa = PBXFileReference; explicitFileType = "compiled.mach-o.executable"; includeInIndex = 0; path = Advent2019; sourceTree = BUILT_PRODUCTS_DIR; };
		DCD86592239448D1003FD49F /* main.swift */ = {isa = PBXFileReference; lastKnownFileType = sourcecode.swift; path = main.swift; sourceTree = "<group>"; };
		DCD8659F2394492C003FD49F /* 1 */ = {isa = PBXFileReference; explicitFileType = "compiled.mach-o.executable"; includeInIndex = 0; path = 1; sourceTree = BUILT_PRODUCTS_DIR; };
		DCD865A12394492C003FD49F /* main.swift */ = {isa = PBXFileReference; lastKnownFileType = sourcecode.swift; path = main.swift; sourceTree = "<group>"; };
		DCDA24E92398529D00E9A261 /* 4 */ = {isa = PBXFileReference; explicitFileType = "compiled.mach-o.executable"; includeInIndex = 0; path = 4; sourceTree = BUILT_PRODUCTS_DIR; };
		DCDA24EB2398529D00E9A261 /* main.swift */ = {isa = PBXFileReference; lastKnownFileType = sourcecode.swift; path = main.swift; sourceTree = "<group>"; };
		DCDA24F0239852AF00E9A261 /* 4.swift */ = {isa = PBXFileReference; lastKnownFileType = sourcecode.swift; path = 4.swift; sourceTree = "<group>"; };
		DCF8E9B823A33B7F00F5CC58 /* 12 */ = {isa = PBXFileReference; explicitFileType = "compiled.mach-o.executable"; includeInIndex = 0; path = 12; sourceTree = BUILT_PRODUCTS_DIR; };
		DCF8E9BA23A33B7F00F5CC58 /* main.swift */ = {isa = PBXFileReference; lastKnownFileType = sourcecode.swift; path = main.swift; sourceTree = "<group>"; };
		DCF8E9BF23A33B8C00F5CC58 /* 12.swift */ = {isa = PBXFileReference; lastKnownFileType = sourcecode.swift; path = 12.swift; sourceTree = "<group>"; };
		DCF8E9C523A3F4EA00F5CC58 /* 13 */ = {isa = PBXFileReference; explicitFileType = "compiled.mach-o.executable"; includeInIndex = 0; path = 13; sourceTree = BUILT_PRODUCTS_DIR; };
		DCF8E9C723A3F4EA00F5CC58 /* main.swift */ = {isa = PBXFileReference; lastKnownFileType = sourcecode.swift; path = main.swift; sourceTree = "<group>"; };
		DCF8E9CD23A3F4FF00F5CC58 /* 13.swift */ = {isa = PBXFileReference; lastKnownFileType = sourcecode.swift; path = 13.swift; sourceTree = "<group>"; };
/* End PBXFileReference section */

/* Begin PBXFrameworksBuildPhase section */
		DC00667B23B43E330043559E /* Frameworks */ = {
			isa = PBXFrameworksBuildPhase;
			buildActionMask = 2147483647;
			files = (
			);
			runOnlyForDeploymentPostprocessing = 0;
		};
		DC00668B23B5BDA90043559E /* Frameworks */ = {
			isa = PBXFrameworksBuildPhase;
			buildActionMask = 2147483647;
			files = (
			);
			runOnlyForDeploymentPostprocessing = 0;
		};
		DC00669823B96F610043559E /* Frameworks */ = {
			isa = PBXFrameworksBuildPhase;
			buildActionMask = 2147483647;
			files = (
			);
			runOnlyForDeploymentPostprocessing = 0;
		};
		DC0066A623B9913E0043559E /* Frameworks */ = {
			isa = PBXFrameworksBuildPhase;
			buildActionMask = 2147483647;
			files = (
			);
			runOnlyForDeploymentPostprocessing = 0;
		};
		DC04BCF923A65414007414CB /* Frameworks */ = {
			isa = PBXFrameworksBuildPhase;
			buildActionMask = 2147483647;
			files = (
			);
			runOnlyForDeploymentPostprocessing = 0;
		};
		DC059110239D892D00E9A418 /* Frameworks */ = {
			isa = PBXFrameworksBuildPhase;
			buildActionMask = 2147483647;
			files = (
			);
			runOnlyForDeploymentPostprocessing = 0;
		};
		DC15852523C028F7007CAE62 /* Frameworks */ = {
			isa = PBXFrameworksBuildPhase;
			buildActionMask = 2147483647;
			files = (
			);
			runOnlyForDeploymentPostprocessing = 0;
		};
		DC15853323C17208007CAE62 /* Frameworks */ = {
			isa = PBXFrameworksBuildPhase;
			buildActionMask = 2147483647;
			files = (
			);
			runOnlyForDeploymentPostprocessing = 0;
		};
		DC15854023C18F48007CAE62 /* Frameworks */ = {
			isa = PBXFrameworksBuildPhase;
			buildActionMask = 2147483647;
			files = (
			);
			runOnlyForDeploymentPostprocessing = 0;
		};
		DC3C43BE23A89A7E00BE66A9 /* Frameworks */ = {
			isa = PBXFrameworksBuildPhase;
			buildActionMask = 2147483647;
			files = (
			);
			runOnlyForDeploymentPostprocessing = 0;
		};
		DC3D83E82395A98100782493 /* Frameworks */ = {
			isa = PBXFrameworksBuildPhase;
			buildActionMask = 2147483647;
			files = (
			);
			runOnlyForDeploymentPostprocessing = 0;
		};
		DC53BC4D23A1E4E100A25E56 /* Frameworks */ = {
			isa = PBXFrameworksBuildPhase;
			buildActionMask = 2147483647;
			files = (
			);
			runOnlyForDeploymentPostprocessing = 0;
		};
		DC559C7B23A580ED00E43947 /* Frameworks */ = {
			isa = PBXFrameworksBuildPhase;
			buildActionMask = 2147483647;
			files = (
			);
			runOnlyForDeploymentPostprocessing = 0;
		};
		DC61968C239B5B5E00FFD28C /* Frameworks */ = {
			isa = PBXFrameworksBuildPhase;
			buildActionMask = 2147483647;
			files = (
			);
			runOnlyForDeploymentPostprocessing = 0;
		};
		DC619699239B6A6A00FFD28C /* Frameworks */ = {
			isa = PBXFrameworksBuildPhase;
			buildActionMask = 2147483647;
			files = (
			);
			runOnlyForDeploymentPostprocessing = 0;
		};
		DC6D0C0523A816F300722F13 /* Frameworks */ = {
			isa = PBXFrameworksBuildPhase;
			buildActionMask = 2147483647;
			files = (
			);
			runOnlyForDeploymentPostprocessing = 0;
		};
		DC72853D239F0E6200BD66DF /* Frameworks */ = {
			isa = PBXFrameworksBuildPhase;
			buildActionMask = 2147483647;
			files = (
			);
			runOnlyForDeploymentPostprocessing = 0;
		};
		DC72854C239F66DC00BD66DF /* Frameworks */ = {
			isa = PBXFrameworksBuildPhase;
			buildActionMask = 2147483647;
			files = (
			);
			runOnlyForDeploymentPostprocessing = 0;
		};
		DC77806423AB344900FF857D /* Frameworks */ = {
			isa = PBXFrameworksBuildPhase;
			buildActionMask = 2147483647;
			files = (
			);
			runOnlyForDeploymentPostprocessing = 0;
		};
		DCA948AC2396271C00FDD597 /* Frameworks */ = {
			isa = PBXFrameworksBuildPhase;
			buildActionMask = 2147483647;
			files = (
			);
			runOnlyForDeploymentPostprocessing = 0;
		};
		DCAC8E8223995F9F000F814A /* Frameworks */ = {
			isa = PBXFrameworksBuildPhase;
			buildActionMask = 2147483647;
			files = (
			);
			runOnlyForDeploymentPostprocessing = 0;
		};
		DCD8658C239448D1003FD49F /* Frameworks */ = {
			isa = PBXFrameworksBuildPhase;
			buildActionMask = 2147483647;
			files = (
			);
			runOnlyForDeploymentPostprocessing = 0;
		};
		DCD8659C2394492C003FD49F /* Frameworks */ = {
			isa = PBXFrameworksBuildPhase;
			buildActionMask = 2147483647;
			files = (
			);
			runOnlyForDeploymentPostprocessing = 0;
		};
		DCDA24E62398529D00E9A261 /* Frameworks */ = {
			isa = PBXFrameworksBuildPhase;
			buildActionMask = 2147483647;
			files = (
			);
			runOnlyForDeploymentPostprocessing = 0;
		};
		DCF8E9B523A33B7F00F5CC58 /* Frameworks */ = {
			isa = PBXFrameworksBuildPhase;
			buildActionMask = 2147483647;
			files = (
			);
			runOnlyForDeploymentPostprocessing = 0;
		};
		DCF8E9C223A3F4EA00F5CC58 /* Frameworks */ = {
			isa = PBXFrameworksBuildPhase;
			buildActionMask = 2147483647;
			files = (
			);
			runOnlyForDeploymentPostprocessing = 0;
		};
/* End PBXFrameworksBuildPhase section */

/* Begin PBXGroup section */
		DC00667F23B43E330043559E /* 19 */ = {
			isa = PBXGroup;
			children = (
				DC00668023B43E330043559E /* main.swift */,
				DC00668523B43E560043559E /* 19.swift */,
			);
			path = 19;
			sourceTree = "<group>";
		};
		DC00668F23B5BDA90043559E /* 20 */ = {
			isa = PBXGroup;
			children = (
				DC00669023B5BDA90043559E /* main.swift */,
				DC00669523B5C0640043559E /* 20.swift */,
			);
			path = 20;
			sourceTree = "<group>";
		};
		DC00669C23B96F610043559E /* 21 */ = {
			isa = PBXGroup;
			children = (
				DC00669D23B96F610043559E /* main.swift */,
				DC0066A223B96F730043559E /* 21.swift */,
			);
			path = 21;
			sourceTree = "<group>";
		};
		DC0066AA23B9913E0043559E /* 22 */ = {
			isa = PBXGroup;
			children = (
				DC0066AB23B9913E0043559E /* main.swift */,
				DC0066B023B998A00043559E /* 22.swift */,
			);
			path = 22;
			sourceTree = "<group>";
		};
		DC04BCFD23A65414007414CB /* 15 */ = {
			isa = PBXGroup;
			children = (
				DC04BCFE23A65414007414CB /* main.swift */,
				DC04BD0323A654CE007414CB /* 15.swift */,
			);
			path = 15;
			sourceTree = "<group>";
		};
		DC059114239D892D00E9A418 /* 8 */ = {
			isa = PBXGroup;
			children = (
				DC059115239D892D00E9A418 /* main.swift */,
				DC05911A239D894300E9A418 /* 8.swift */,
			);
			path = 8;
			sourceTree = "<group>";
		};
		DC15852923C028F7007CAE62 /* 23 */ = {
			isa = PBXGroup;
			children = (
				DC15852A23C028F7007CAE62 /* main.swift */,
				DC15852F23C02905007CAE62 /* 23.swift */,
			);
			path = 23;
			sourceTree = "<group>";
		};
		DC15853723C17208007CAE62 /* 24 */ = {
			isa = PBXGroup;
			children = (
				DC15853823C17208007CAE62 /* main.swift */,
				DC15853D23C1727A007CAE62 /* 24.swift */,
			);
			path = 24;
			sourceTree = "<group>";
		};
		DC15854423C18F48007CAE62 /* 25 */ = {
			isa = PBXGroup;
			children = (
				DC15854523C18F48007CAE62 /* main.swift */,
				DC15854B23C18FAA007CAE62 /* 25.swift */,
			);
			path = 25;
			sourceTree = "<group>";
		};
		DC3C43C223A89A7E00BE66A9 /* 17 */ = {
			isa = PBXGroup;
			children = (
				DC3C43C323A89A7E00BE66A9 /* main.swift */,
				DC3C43C923A89AA300BE66A9 /* 17.swift */,
			);
			path = 17;
			sourceTree = "<group>";
		};
		DC3D83EC2395A98100782493 /* 2 */ = {
			isa = PBXGroup;
			children = (
				DC3D83ED2395A98200782493 /* main.swift */,
				DC3D83F22395A99900782493 /* 2.swift */,
			);
			path = 2;
			sourceTree = "<group>";
		};
		DC53BC5123A1E4E100A25E56 /* 11 */ = {
			isa = PBXGroup;
			children = (
				DC53BC5223A1E4E100A25E56 /* main.swift */,
				DC53BC5823A1E4FB00A25E56 /* 11.swift */,
			);
			path = 11;
			sourceTree = "<group>";
		};
		DC559C7F23A580ED00E43947 /* 14 */ = {
			isa = PBXGroup;
			children = (
				DC559C8023A580ED00E43947 /* main.swift */,
				DC559C8523A5818E00E43947 /* 14.swift */,
			);
			path = 14;
			sourceTree = "<group>";
		};
		DC619690239B5B5E00FFD28C /* 6 */ = {
			isa = PBXGroup;
			children = (
				DC619691239B5B5E00FFD28C /* main.swift */,
				DC619696239B5B6C00FFD28C /* 6.swift */,
			);
			path = 6;
			sourceTree = "<group>";
		};
		DC61969D239B6A6A00FFD28C /* 7 */ = {
			isa = PBXGroup;
			children = (
				DC61969E239B6A6A00FFD28C /* main.swift */,
				DC6196A3239B6A7C00FFD28C /* 7.swift */,
			);
			path = 7;
			sourceTree = "<group>";
		};
		DC6D0C0923A816F300722F13 /* 16 */ = {
			isa = PBXGroup;
			children = (
				DC6D0C0A23A816F300722F13 /* main.swift */,
				DC6D0C0F23A8171100722F13 /* 16.swift */,
			);
			path = 16;
			sourceTree = "<group>";
		};
		DC728541239F0E6200BD66DF /* 9 */ = {
			isa = PBXGroup;
			children = (
				DC728542239F0E6200BD66DF /* main.swift */,
				DC728547239F0E7300BD66DF /* 9.swift */,
				DC728549239F0F0A00BD66DF /* Computer.swift */,
			);
			path = 9;
			sourceTree = "<group>";
		};
		DC728550239F66DC00BD66DF /* 10 */ = {
			isa = PBXGroup;
			children = (
				DC728551239F66DC00BD66DF /* main.swift */,
				DC728556239F66F000BD66DF /* 10.swift */,
			);
			path = 10;
			sourceTree = "<group>";
		};
		DC77806823AB344900FF857D /* 18 */ = {
			isa = PBXGroup;
			children = (
				DC77806923AB344900FF857D /* main.swift */,
				DC9C3B2123B2D2B70053FFF1 /* 18pt2.swift */,
				DC77806E23AB349C00FF857D /* 18.swift */,
			);
			path = 18;
			sourceTree = "<group>";
		};
		DCA948B02396271C00FDD597 /* 3 */ = {
			isa = PBXGroup;
			children = (
				DCA948B12396271C00FDD597 /* main.swift */,
				DCA948B62396273400FDD597 /* 3.swift */,
			);
			path = 3;
			sourceTree = "<group>";
		};
		DCAC8E8623995F9F000F814A /* 5 */ = {
			isa = PBXGroup;
			children = (
				DCAC8E8723995F9F000F814A /* main.swift */,
				DCAC8E8C23996005000F814A /* 5.swift */,
			);
			path = 5;
			sourceTree = "<group>";
		};
		DCD86586239448D1003FD49F = {
			isa = PBXGroup;
			children = (
				DCD86591239448D1003FD49F /* Advent2019 */,
				DCD865A02394492C003FD49F /* 1 */,
				DC3D83EC2395A98100782493 /* 2 */,
				DCA948B02396271C00FDD597 /* 3 */,
				DCDA24EA2398529D00E9A261 /* 4 */,
				DCAC8E8623995F9F000F814A /* 5 */,
				DC619690239B5B5E00FFD28C /* 6 */,
				DC61969D239B6A6A00FFD28C /* 7 */,
				DC059114239D892D00E9A418 /* 8 */,
				DC728541239F0E6200BD66DF /* 9 */,
				DC728550239F66DC00BD66DF /* 10 */,
				DC53BC5123A1E4E100A25E56 /* 11 */,
				DCF8E9B923A33B7F00F5CC58 /* 12 */,
				DCF8E9C623A3F4EA00F5CC58 /* 13 */,
				DC559C7F23A580ED00E43947 /* 14 */,
				DC04BCFD23A65414007414CB /* 15 */,
				DC6D0C0923A816F300722F13 /* 16 */,
				DC3C43C223A89A7E00BE66A9 /* 17 */,
				DC77806823AB344900FF857D /* 18 */,
				DC00667F23B43E330043559E /* 19 */,
				DC00668F23B5BDA90043559E /* 20 */,
				DC00669C23B96F610043559E /* 21 */,
				DC0066AA23B9913E0043559E /* 22 */,
				DC15852923C028F7007CAE62 /* 23 */,
				DC15853723C17208007CAE62 /* 24 */,
				DC15854423C18F48007CAE62 /* 25 */,
				DCD86590239448D1003FD49F /* Products */,
			);
			sourceTree = "<group>";
		};
		DCD86590239448D1003FD49F /* Products */ = {
			isa = PBXGroup;
			children = (
				DCD8658F239448D1003FD49F /* Advent2019 */,
				DCD8659F2394492C003FD49F /* 1 */,
				DC3D83EB2395A98100782493 /* 2 */,
				DCA948AF2396271C00FDD597 /* 3 */,
				DCDA24E92398529D00E9A261 /* 4 */,
				DCAC8E8523995F9F000F814A /* 5 */,
				DC61968F239B5B5E00FFD28C /* 6 */,
				DC61969C239B6A6A00FFD28C /* 7 */,
				DC059113239D892D00E9A418 /* 8 */,
				DC728540239F0E6200BD66DF /* 9 */,
				DC72854F239F66DC00BD66DF /* 10 */,
				DC53BC5023A1E4E100A25E56 /* 11 */,
				DCF8E9B823A33B7F00F5CC58 /* 12 */,
				DCF8E9C523A3F4EA00F5CC58 /* 13 */,
				DC559C7E23A580ED00E43947 /* 14 */,
				DC04BCFC23A65414007414CB /* 15 */,
				DC6D0C0823A816F300722F13 /* 16 */,
				DC3C43C123A89A7E00BE66A9 /* 17 */,
				DC77806723AB344900FF857D /* 18 */,
				DC00667E23B43E330043559E /* 19 */,
				DC00668E23B5BDA90043559E /* 20 */,
				DC00669B23B96F610043559E /* 21 */,
				DC0066A923B9913E0043559E /* 22 */,
				DC15852823C028F7007CAE62 /* 23 */,
				DC15853623C17208007CAE62 /* 24 */,
				DC15854323C18F48007CAE62 /* 25 */,
			);
			name = Products;
			sourceTree = "<group>";
		};
		DCD86591239448D1003FD49F /* Advent2019 */ = {
			isa = PBXGroup;
			children = (
				DCD86592239448D1003FD49F /* main.swift */,
			);
			path = Advent2019;
			sourceTree = "<group>";
		};
		DCD865A02394492C003FD49F /* 1 */ = {
			isa = PBXGroup;
			children = (
				DC676BF823944D400088512B /* 1.swift */,
				DCD865A12394492C003FD49F /* main.swift */,
			);
			path = 1;
			sourceTree = "<group>";
		};
		DCDA24EA2398529D00E9A261 /* 4 */ = {
			isa = PBXGroup;
			children = (
				DCDA24EB2398529D00E9A261 /* main.swift */,
				DCDA24F0239852AF00E9A261 /* 4.swift */,
			);
			path = 4;
			sourceTree = "<group>";
		};
		DCF8E9B923A33B7F00F5CC58 /* 12 */ = {
			isa = PBXGroup;
			children = (
				DCF8E9BA23A33B7F00F5CC58 /* main.swift */,
				DCF8E9BF23A33B8C00F5CC58 /* 12.swift */,
			);
			path = 12;
			sourceTree = "<group>";
		};
		DCF8E9C623A3F4EA00F5CC58 /* 13 */ = {
			isa = PBXGroup;
			children = (
				DCF8E9C723A3F4EA00F5CC58 /* main.swift */,
				DCF8E9CD23A3F4FF00F5CC58 /* 13.swift */,
			);
			path = 13;
			sourceTree = "<group>";
		};
/* End PBXGroup section */

/* Begin PBXNativeTarget section */
		DC00667D23B43E330043559E /* 19 */ = {
			isa = PBXNativeTarget;
			buildConfigurationList = DC00668423B43E330043559E /* Build configuration list for PBXNativeTarget "19" */;
			buildPhases = (
				DC00667A23B43E330043559E /* Sources */,
				DC00667B23B43E330043559E /* Frameworks */,
				DC00667C23B43E330043559E /* CopyFiles */,
			);
			buildRules = (
			);
			dependencies = (
			);
			name = 19;
			productName = 19;
			productReference = DC00667E23B43E330043559E /* 19 */;
			productType = "com.apple.product-type.tool";
		};
		DC00668D23B5BDA90043559E /* 20 */ = {
			isa = PBXNativeTarget;
			buildConfigurationList = DC00669423B5BDA90043559E /* Build configuration list for PBXNativeTarget "20" */;
			buildPhases = (
				DC00668A23B5BDA90043559E /* Sources */,
				DC00668B23B5BDA90043559E /* Frameworks */,
				DC00668C23B5BDA90043559E /* CopyFiles */,
			);
			buildRules = (
			);
			dependencies = (
			);
			name = 20;
			productName = 20;
			productReference = DC00668E23B5BDA90043559E /* 20 */;
			productType = "com.apple.product-type.tool";
		};
		DC00669A23B96F610043559E /* 21 */ = {
			isa = PBXNativeTarget;
			buildConfigurationList = DC00669F23B96F610043559E /* Build configuration list for PBXNativeTarget "21" */;
			buildPhases = (
				DC00669723B96F610043559E /* Sources */,
				DC00669823B96F610043559E /* Frameworks */,
				DC00669923B96F610043559E /* CopyFiles */,
			);
			buildRules = (
			);
			dependencies = (
			);
			name = 21;
			productName = 21;
			productReference = DC00669B23B96F610043559E /* 21 */;
			productType = "com.apple.product-type.tool";
		};
		DC0066A823B9913E0043559E /* 22 */ = {
			isa = PBXNativeTarget;
			buildConfigurationList = DC0066AD23B9913E0043559E /* Build configuration list for PBXNativeTarget "22" */;
			buildPhases = (
				DC0066A523B9913E0043559E /* Sources */,
				DC0066A623B9913E0043559E /* Frameworks */,
				DC0066A723B9913E0043559E /* CopyFiles */,
			);
			buildRules = (
			);
			dependencies = (
			);
			name = 22;
			productName = 22;
			productReference = DC0066A923B9913E0043559E /* 22 */;
			productType = "com.apple.product-type.tool";
		};
		DC04BCFB23A65414007414CB /* 15 */ = {
			isa = PBXNativeTarget;
			buildConfigurationList = DC04BD0223A65414007414CB /* Build configuration list for PBXNativeTarget "15" */;
			buildPhases = (
				DC04BCF823A65414007414CB /* Sources */,
				DC04BCF923A65414007414CB /* Frameworks */,
				DC04BCFA23A65414007414CB /* CopyFiles */,
			);
			buildRules = (
			);
			dependencies = (
			);
			name = 15;
			productName = 15;
			productReference = DC04BCFC23A65414007414CB /* 15 */;
			productType = "com.apple.product-type.tool";
		};
		DC059112239D892D00E9A418 /* 8 */ = {
			isa = PBXNativeTarget;
			buildConfigurationList = DC059119239D892D00E9A418 /* Build configuration list for PBXNativeTarget "8" */;
			buildPhases = (
				DC05910F239D892D00E9A418 /* Sources */,
				DC059110239D892D00E9A418 /* Frameworks */,
				DC059111239D892D00E9A418 /* CopyFiles */,
			);
			buildRules = (
			);
			dependencies = (
			);
			name = 8;
			productName = 8;
			productReference = DC059113239D892D00E9A418 /* 8 */;
			productType = "com.apple.product-type.tool";
		};
		DC15852723C028F7007CAE62 /* 23 */ = {
			isa = PBXNativeTarget;
			buildConfigurationList = DC15852E23C028F7007CAE62 /* Build configuration list for PBXNativeTarget "23" */;
			buildPhases = (
				DC15852423C028F7007CAE62 /* Sources */,
				DC15852523C028F7007CAE62 /* Frameworks */,
				DC15852623C028F7007CAE62 /* CopyFiles */,
			);
			buildRules = (
			);
			dependencies = (
			);
			name = 23;
			productName = 23;
			productReference = DC15852823C028F7007CAE62 /* 23 */;
			productType = "com.apple.product-type.tool";
		};
		DC15853523C17208007CAE62 /* 24 */ = {
			isa = PBXNativeTarget;
			buildConfigurationList = DC15853A23C17208007CAE62 /* Build configuration list for PBXNativeTarget "24" */;
			buildPhases = (
				DC15853223C17208007CAE62 /* Sources */,
				DC15853323C17208007CAE62 /* Frameworks */,
				DC15853423C17208007CAE62 /* CopyFiles */,
			);
			buildRules = (
			);
			dependencies = (
			);
			name = 24;
			productName = 24;
			productReference = DC15853623C17208007CAE62 /* 24 */;
			productType = "com.apple.product-type.tool";
		};
		DC15854223C18F48007CAE62 /* 25 */ = {
			isa = PBXNativeTarget;
			buildConfigurationList = DC15854723C18F48007CAE62 /* Build configuration list for PBXNativeTarget "25" */;
			buildPhases = (
				DC15853F23C18F48007CAE62 /* Sources */,
				DC15854023C18F48007CAE62 /* Frameworks */,
				DC15854123C18F48007CAE62 /* CopyFiles */,
			);
			buildRules = (
			);
			dependencies = (
			);
			name = 25;
			productName = 25;
			productReference = DC15854323C18F48007CAE62 /* 25 */;
			productType = "com.apple.product-type.tool";
		};
		DC3C43C023A89A7E00BE66A9 /* 17 */ = {
			isa = PBXNativeTarget;
			buildConfigurationList = DC3C43C723A89A7E00BE66A9 /* Build configuration list for PBXNativeTarget "17" */;
			buildPhases = (
				DC3C43BD23A89A7E00BE66A9 /* Sources */,
				DC3C43BE23A89A7E00BE66A9 /* Frameworks */,
				DC3C43BF23A89A7E00BE66A9 /* CopyFiles */,
			);
			buildRules = (
			);
			dependencies = (
			);
			name = 17;
			productName = 17;
			productReference = DC3C43C123A89A7E00BE66A9 /* 17 */;
			productType = "com.apple.product-type.tool";
		};
		DC3D83EA2395A98100782493 /* 2 */ = {
			isa = PBXNativeTarget;
			buildConfigurationList = DC3D83F12395A98200782493 /* Build configuration list for PBXNativeTarget "2" */;
			buildPhases = (
				DC3D83E72395A98100782493 /* Sources */,
				DC3D83E82395A98100782493 /* Frameworks */,
				DC3D83E92395A98100782493 /* CopyFiles */,
			);
			buildRules = (
			);
			dependencies = (
			);
			name = 2;
			productName = 2;
			productReference = DC3D83EB2395A98100782493 /* 2 */;
			productType = "com.apple.product-type.tool";
		};
		DC53BC4F23A1E4E100A25E56 /* 11 */ = {
			isa = PBXNativeTarget;
			buildConfigurationList = DC53BC5623A1E4E100A25E56 /* Build configuration list for PBXNativeTarget "11" */;
			buildPhases = (
				DC53BC4C23A1E4E100A25E56 /* Sources */,
				DC53BC4D23A1E4E100A25E56 /* Frameworks */,
				DC53BC4E23A1E4E100A25E56 /* CopyFiles */,
			);
			buildRules = (
			);
			dependencies = (
			);
			name = 11;
			productName = 11;
			productReference = DC53BC5023A1E4E100A25E56 /* 11 */;
			productType = "com.apple.product-type.tool";
		};
		DC559C7D23A580ED00E43947 /* 14 */ = {
			isa = PBXNativeTarget;
			buildConfigurationList = DC559C8423A580ED00E43947 /* Build configuration list for PBXNativeTarget "14" */;
			buildPhases = (
				DC559C7A23A580ED00E43947 /* Sources */,
				DC559C7B23A580ED00E43947 /* Frameworks */,
				DC559C7C23A580ED00E43947 /* CopyFiles */,
			);
			buildRules = (
			);
			dependencies = (
			);
			name = 14;
			productName = 14;
			productReference = DC559C7E23A580ED00E43947 /* 14 */;
			productType = "com.apple.product-type.tool";
		};
		DC61968E239B5B5E00FFD28C /* 6 */ = {
			isa = PBXNativeTarget;
			buildConfigurationList = DC619695239B5B5E00FFD28C /* Build configuration list for PBXNativeTarget "6" */;
			buildPhases = (
				DC61968B239B5B5E00FFD28C /* Sources */,
				DC61968C239B5B5E00FFD28C /* Frameworks */,
				DC61968D239B5B5E00FFD28C /* CopyFiles */,
			);
			buildRules = (
			);
			dependencies = (
			);
			name = 6;
			productName = 6;
			productReference = DC61968F239B5B5E00FFD28C /* 6 */;
			productType = "com.apple.product-type.tool";
		};
		DC61969B239B6A6A00FFD28C /* 7 */ = {
			isa = PBXNativeTarget;
			buildConfigurationList = DC6196A0239B6A6A00FFD28C /* Build configuration list for PBXNativeTarget "7" */;
			buildPhases = (
				DC619698239B6A6A00FFD28C /* Sources */,
				DC619699239B6A6A00FFD28C /* Frameworks */,
				DC61969A239B6A6A00FFD28C /* CopyFiles */,
			);
			buildRules = (
			);
			dependencies = (
			);
			name = 7;
			productName = 7;
			productReference = DC61969C239B6A6A00FFD28C /* 7 */;
			productType = "com.apple.product-type.tool";
		};
		DC6D0C0723A816F300722F13 /* 16 */ = {
			isa = PBXNativeTarget;
			buildConfigurationList = DC6D0C0E23A816F300722F13 /* Build configuration list for PBXNativeTarget "16" */;
			buildPhases = (
				DC6D0C0423A816F300722F13 /* Sources */,
				DC6D0C0523A816F300722F13 /* Frameworks */,
				DC6D0C0623A816F300722F13 /* CopyFiles */,
			);
			buildRules = (
			);
			dependencies = (
			);
			name = 16;
			productName = 16;
			productReference = DC6D0C0823A816F300722F13 /* 16 */;
			productType = "com.apple.product-type.tool";
		};
		DC72853F239F0E6200BD66DF /* 9 */ = {
			isa = PBXNativeTarget;
			buildConfigurationList = DC728546239F0E6200BD66DF /* Build configuration list for PBXNativeTarget "9" */;
			buildPhases = (
				DC72853C239F0E6200BD66DF /* Sources */,
				DC72853D239F0E6200BD66DF /* Frameworks */,
				DC72853E239F0E6200BD66DF /* CopyFiles */,
			);
			buildRules = (
			);
			dependencies = (
			);
			name = 9;
			productName = 9;
			productReference = DC728540239F0E6200BD66DF /* 9 */;
			productType = "com.apple.product-type.tool";
		};
		DC72854E239F66DC00BD66DF /* 10 */ = {
			isa = PBXNativeTarget;
			buildConfigurationList = DC728553239F66DC00BD66DF /* Build configuration list for PBXNativeTarget "10" */;
			buildPhases = (
				DC72854B239F66DC00BD66DF /* Sources */,
				DC72854C239F66DC00BD66DF /* Frameworks */,
				DC72854D239F66DC00BD66DF /* CopyFiles */,
			);
			buildRules = (
			);
			dependencies = (
			);
			name = 10;
			productName = 10;
			productReference = DC72854F239F66DC00BD66DF /* 10 */;
			productType = "com.apple.product-type.tool";
		};
		DC77806623AB344900FF857D /* 18 */ = {
			isa = PBXNativeTarget;
			buildConfigurationList = DC77806D23AB344900FF857D /* Build configuration list for PBXNativeTarget "18" */;
			buildPhases = (
				DC77806323AB344900FF857D /* Sources */,
				DC77806423AB344900FF857D /* Frameworks */,
				DC77806523AB344900FF857D /* CopyFiles */,
			);
			buildRules = (
			);
			dependencies = (
			);
			name = 18;
			productName = 18;
			productReference = DC77806723AB344900FF857D /* 18 */;
			productType = "com.apple.product-type.tool";
		};
		DCA948AE2396271C00FDD597 /* 3 */ = {
			isa = PBXNativeTarget;
			buildConfigurationList = DCA948B52396271C00FDD597 /* Build configuration list for PBXNativeTarget "3" */;
			buildPhases = (
				DCA948AB2396271C00FDD597 /* Sources */,
				DCA948AC2396271C00FDD597 /* Frameworks */,
				DCA948AD2396271C00FDD597 /* CopyFiles */,
			);
			buildRules = (
			);
			dependencies = (
			);
			name = 3;
			productName = 3;
			productReference = DCA948AF2396271C00FDD597 /* 3 */;
			productType = "com.apple.product-type.tool";
		};
		DCAC8E8423995F9F000F814A /* 5 */ = {
			isa = PBXNativeTarget;
			buildConfigurationList = DCAC8E8B23995F9F000F814A /* Build configuration list for PBXNativeTarget "5" */;
			buildPhases = (
				DCAC8E8123995F9F000F814A /* Sources */,
				DCAC8E8223995F9F000F814A /* Frameworks */,
				DCAC8E8323995F9F000F814A /* CopyFiles */,
			);
			buildRules = (
			);
			dependencies = (
			);
			name = 5;
			productName = 5;
			productReference = DCAC8E8523995F9F000F814A /* 5 */;
			productType = "com.apple.product-type.tool";
		};
		DCD8658E239448D1003FD49F /* Advent2019 */ = {
			isa = PBXNativeTarget;
			buildConfigurationList = DCD86596239448D1003FD49F /* Build configuration list for PBXNativeTarget "Advent2019" */;
			buildPhases = (
				DCD8658B239448D1003FD49F /* Sources */,
				DCD8658C239448D1003FD49F /* Frameworks */,
				DCD8658D239448D1003FD49F /* CopyFiles */,
			);
			buildRules = (
			);
			dependencies = (
			);
			name = Advent2019;
			productName = Advent2019;
			productReference = DCD8658F239448D1003FD49F /* Advent2019 */;
			productType = "com.apple.product-type.tool";
		};
		DCD8659E2394492C003FD49F /* 1 */ = {
			isa = PBXNativeTarget;
			buildConfigurationList = DCD865A32394492C003FD49F /* Build configuration list for PBXNativeTarget "1" */;
			buildPhases = (
				DCD8659B2394492C003FD49F /* Sources */,
				DCD8659C2394492C003FD49F /* Frameworks */,
				DCD8659D2394492C003FD49F /* CopyFiles */,
			);
			buildRules = (
			);
			dependencies = (
			);
			name = 1;
			productName = 1;
			productReference = DCD8659F2394492C003FD49F /* 1 */;
			productType = "com.apple.product-type.tool";
		};
		DCDA24E82398529D00E9A261 /* 4 */ = {
			isa = PBXNativeTarget;
			buildConfigurationList = DCDA24EF2398529D00E9A261 /* Build configuration list for PBXNativeTarget "4" */;
			buildPhases = (
				DCDA24E52398529D00E9A261 /* Sources */,
				DCDA24E62398529D00E9A261 /* Frameworks */,
				DCDA24E72398529D00E9A261 /* CopyFiles */,
			);
			buildRules = (
			);
			dependencies = (
			);
			name = 4;
			productName = 4;
			productReference = DCDA24E92398529D00E9A261 /* 4 */;
			productType = "com.apple.product-type.tool";
		};
		DCF8E9B723A33B7F00F5CC58 /* 12 */ = {
			isa = PBXNativeTarget;
			buildConfigurationList = DCF8E9BE23A33B7F00F5CC58 /* Build configuration list for PBXNativeTarget "12" */;
			buildPhases = (
				DCF8E9B423A33B7F00F5CC58 /* Sources */,
				DCF8E9B523A33B7F00F5CC58 /* Frameworks */,
				DCF8E9B623A33B7F00F5CC58 /* CopyFiles */,
			);
			buildRules = (
			);
			dependencies = (
			);
			name = 12;
			productName = 12;
			productReference = DCF8E9B823A33B7F00F5CC58 /* 12 */;
			productType = "com.apple.product-type.tool";
		};
		DCF8E9C423A3F4EA00F5CC58 /* 13 */ = {
			isa = PBXNativeTarget;
			buildConfigurationList = DCF8E9C923A3F4EA00F5CC58 /* Build configuration list for PBXNativeTarget "13" */;
			buildPhases = (
				DCF8E9C123A3F4EA00F5CC58 /* Sources */,
				DCF8E9C223A3F4EA00F5CC58 /* Frameworks */,
				DCF8E9C323A3F4EA00F5CC58 /* CopyFiles */,
			);
			buildRules = (
			);
			dependencies = (
			);
			name = 13;
			productName = 13;
			productReference = DCF8E9C523A3F4EA00F5CC58 /* 13 */;
			productType = "com.apple.product-type.tool";
		};
/* End PBXNativeTarget section */

/* Begin PBXProject section */
		DCD86587239448D1003FD49F /* Project object */ = {
			isa = PBXProject;
			attributes = {
				LastSwiftUpdateCheck = 1130;
				LastUpgradeCheck = 1120;
				ORGANIZATIONNAME = xxx;
				TargetAttributes = {
					DC00667D23B43E330043559E = {
						CreatedOnToolsVersion = 11.3;
					};
					DC00668D23B5BDA90043559E = {
						CreatedOnToolsVersion = 11.3;
					};
					DC00669A23B96F610043559E = {
						CreatedOnToolsVersion = 11.3;
					};
					DC0066A823B9913E0043559E = {
						CreatedOnToolsVersion = 11.3;
					};
					DC04BCFB23A65414007414CB = {
						CreatedOnToolsVersion = 11.3;
					};
					DC059112239D892D00E9A418 = {
						CreatedOnToolsVersion = 11.2.1;
					};
					DC15852723C028F7007CAE62 = {
						CreatedOnToolsVersion = 11.3;
					};
					DC15853523C17208007CAE62 = {
						CreatedOnToolsVersion = 11.3;
					};
					DC15854223C18F48007CAE62 = {
						CreatedOnToolsVersion = 11.3;
					};
					DC3C43C023A89A7E00BE66A9 = {
						CreatedOnToolsVersion = 11.3;
					};
					DC3D83EA2395A98100782493 = {
						CreatedOnToolsVersion = 11.2.1;
					};
					DC53BC4F23A1E4E100A25E56 = {
						CreatedOnToolsVersion = 11.3;
					};
					DC559C7D23A580ED00E43947 = {
						CreatedOnToolsVersion = 11.3;
					};
					DC61968E239B5B5E00FFD28C = {
						CreatedOnToolsVersion = 11.2.1;
					};
					DC61969B239B6A6A00FFD28C = {
						CreatedOnToolsVersion = 11.2.1;
					};
					DC6D0C0723A816F300722F13 = {
						CreatedOnToolsVersion = 11.3;
					};
					DC72853F239F0E6200BD66DF = {
						CreatedOnToolsVersion = 11.2.1;
					};
					DC72854E239F66DC00BD66DF = {
						CreatedOnToolsVersion = 11.2.1;
					};
					DC77806623AB344900FF857D = {
						CreatedOnToolsVersion = 11.3;
					};
					DCA948AE2396271C00FDD597 = {
						CreatedOnToolsVersion = 11.2.1;
					};
					DCAC8E8423995F9F000F814A = {
						CreatedOnToolsVersion = 11.2.1;
					};
					DCD8658E239448D1003FD49F = {
						CreatedOnToolsVersion = 11.2.1;
					};
					DCD8659E2394492C003FD49F = {
						CreatedOnToolsVersion = 11.2.1;
					};
					DCDA24E82398529D00E9A261 = {
						CreatedOnToolsVersion = 11.2.1;
					};
					DCF8E9B723A33B7F00F5CC58 = {
						CreatedOnToolsVersion = 11.3;
					};
					DCF8E9C423A3F4EA00F5CC58 = {
						CreatedOnToolsVersion = 11.3;
					};
				};
			};
			buildConfigurationList = DCD8658A239448D1003FD49F /* Build configuration list for PBXProject "Advent2019" */;
			compatibilityVersion = "Xcode 9.3";
			developmentRegion = en;
			hasScannedForEncodings = 0;
			knownRegions = (
				en,
				Base,
			);
			mainGroup = DCD86586239448D1003FD49F;
			productRefGroup = DCD86590239448D1003FD49F /* Products */;
			projectDirPath = "";
			projectRoot = "";
			targets = (
				DCD8658E239448D1003FD49F /* Advent2019 */,
				DCD8659E2394492C003FD49F /* 1 */,
				DC3D83EA2395A98100782493 /* 2 */,
				DCA948AE2396271C00FDD597 /* 3 */,
				DCDA24E82398529D00E9A261 /* 4 */,
				DCAC8E8423995F9F000F814A /* 5 */,
				DC61968E239B5B5E00FFD28C /* 6 */,
				DC61969B239B6A6A00FFD28C /* 7 */,
				DC059112239D892D00E9A418 /* 8 */,
				DC72853F239F0E6200BD66DF /* 9 */,
				DC72854E239F66DC00BD66DF /* 10 */,
				DC53BC4F23A1E4E100A25E56 /* 11 */,
				DCF8E9B723A33B7F00F5CC58 /* 12 */,
				DCF8E9C423A3F4EA00F5CC58 /* 13 */,
				DC559C7D23A580ED00E43947 /* 14 */,
				DC04BCFB23A65414007414CB /* 15 */,
				DC6D0C0723A816F300722F13 /* 16 */,
				DC3C43C023A89A7E00BE66A9 /* 17 */,
				DC77806623AB344900FF857D /* 18 */,
				DC00667D23B43E330043559E /* 19 */,
				DC00668D23B5BDA90043559E /* 20 */,
				DC00669A23B96F610043559E /* 21 */,
				DC0066A823B9913E0043559E /* 22 */,
				DC15852723C028F7007CAE62 /* 23 */,
				DC15853523C17208007CAE62 /* 24 */,
				DC15854223C18F48007CAE62 /* 25 */,
			);
		};
/* End PBXProject section */

/* Begin PBXSourcesBuildPhase section */
		DC00667A23B43E330043559E /* Sources */ = {
			isa = PBXSourcesBuildPhase;
			buildActionMask = 2147483647;
			files = (
				DC00668723B43E790043559E /* Computer.swift in Sources */,
				DC00668123B43E330043559E /* main.swift in Sources */,
				DC00668623B43E560043559E /* 19.swift in Sources */,
			);
			runOnlyForDeploymentPostprocessing = 0;
		};
		DC00668A23B5BDA90043559E /* Sources */ = {
			isa = PBXSourcesBuildPhase;
			buildActionMask = 2147483647;
			files = (
				DC00669123B5BDA90043559E /* main.swift in Sources */,
				DC00669623B5C0640043559E /* 20.swift in Sources */,
			);
			runOnlyForDeploymentPostprocessing = 0;
		};
		DC00669723B96F610043559E /* Sources */ = {
			isa = PBXSourcesBuildPhase;
			buildActionMask = 2147483647;
			files = (
				DC0066A423B972670043559E /* Computer.swift in Sources */,
				DC0066A323B96F730043559E /* 21.swift in Sources */,
				DC00669E23B96F610043559E /* main.swift in Sources */,
			);
			runOnlyForDeploymentPostprocessing = 0;
		};
		DC0066A523B9913E0043559E /* Sources */ = {
			isa = PBXSourcesBuildPhase;
			buildActionMask = 2147483647;
			files = (
				DC0066AC23B9913E0043559E /* main.swift in Sources */,
				DC0066B123B998A00043559E /* 22.swift in Sources */,
			);
			runOnlyForDeploymentPostprocessing = 0;
		};
		DC04BCF823A65414007414CB /* Sources */ = {
			isa = PBXSourcesBuildPhase;
			buildActionMask = 2147483647;
			files = (
				DC04BD0523A65507007414CB /* Computer.swift in Sources */,
				DC04BCFF23A65414007414CB /* main.swift in Sources */,
				DC04BD0423A654CE007414CB /* 15.swift in Sources */,
			);
			runOnlyForDeploymentPostprocessing = 0;
		};
		DC05910F239D892D00E9A418 /* Sources */ = {
			isa = PBXSourcesBuildPhase;
			buildActionMask = 2147483647;
			files = (
				DC05911B239D894300E9A418 /* 8.swift in Sources */,
				DC059116239D892D00E9A418 /* main.swift in Sources */,
			);
			runOnlyForDeploymentPostprocessing = 0;
		};
		DC15852423C028F7007CAE62 /* Sources */ = {
			isa = PBXSourcesBuildPhase;
			buildActionMask = 2147483647;
			files = (
				DC15853123C02962007CAE62 /* Computer.swift in Sources */,
				DC15853023C02905007CAE62 /* 23.swift in Sources */,
				DC15852B23C028F7007CAE62 /* main.swift in Sources */,
			);
			runOnlyForDeploymentPostprocessing = 0;
		};
		DC15853223C17208007CAE62 /* Sources */ = {
			isa = PBXSourcesBuildPhase;
			buildActionMask = 2147483647;
			files = (
				DC15853923C17208007CAE62 /* main.swift in Sources */,
				DC15853E23C1727A007CAE62 /* 24.swift in Sources */,
			);
			runOnlyForDeploymentPostprocessing = 0;
		};
		DC15853F23C18F48007CAE62 /* Sources */ = {
			isa = PBXSourcesBuildPhase;
			buildActionMask = 2147483647;
			files = (
				DC15854A23C18F94007CAE62 /* Computer.swift in Sources */,
				DC15854623C18F48007CAE62 /* main.swift in Sources */,
				DC15854C23C18FAA007CAE62 /* 25.swift in Sources */,
			);
			runOnlyForDeploymentPostprocessing = 0;
		};
		DC3C43BD23A89A7E00BE66A9 /* Sources */ = {
			isa = PBXSourcesBuildPhase;
			buildActionMask = 2147483647;
			files = (
				DC3C43C823A89A8800BE66A9 /* Computer.swift in Sources */,
				DC3C43C423A89A7E00BE66A9 /* main.swift in Sources */,
				DC3C43CA23A89AA300BE66A9 /* 17.swift in Sources */,
			);
			runOnlyForDeploymentPostprocessing = 0;
		};
		DC3D83E72395A98100782493 /* Sources */ = {
			isa = PBXSourcesBuildPhase;
			buildActionMask = 2147483647;
			files = (
				DC3D83F32395A99900782493 /* 2.swift in Sources */,
				DC3D83EE2395A98200782493 /* main.swift in Sources */,
			);
			runOnlyForDeploymentPostprocessing = 0;
		};
		DC53BC4C23A1E4E100A25E56 /* Sources */ = {
			isa = PBXSourcesBuildPhase;
			buildActionMask = 2147483647;
			files = (
				DC53BC5723A1E4EB00A25E56 /* Computer.swift in Sources */,
				DC53BC5323A1E4E100A25E56 /* main.swift in Sources */,
				DC53BC5923A1E4FB00A25E56 /* 11.swift in Sources */,
			);
			runOnlyForDeploymentPostprocessing = 0;
		};
		DC559C7A23A580ED00E43947 /* Sources */ = {
			isa = PBXSourcesBuildPhase;
			buildActionMask = 2147483647;
			files = (
				DC559C8623A5818E00E43947 /* 14.swift in Sources */,
				DC559C8123A580ED00E43947 /* main.swift in Sources */,
			);
			runOnlyForDeploymentPostprocessing = 0;
		};
		DC61968B239B5B5E00FFD28C /* Sources */ = {
			isa = PBXSourcesBuildPhase;
			buildActionMask = 2147483647;
			files = (
				DC619697239B5B6C00FFD28C /* 6.swift in Sources */,
				DC619692239B5B5E00FFD28C /* main.swift in Sources */,
			);
			runOnlyForDeploymentPostprocessing = 0;
		};
		DC619698239B6A6A00FFD28C /* Sources */ = {
			isa = PBXSourcesBuildPhase;
			buildActionMask = 2147483647;
			files = (
				DC61969F239B6A6A00FFD28C /* main.swift in Sources */,
				DC6196A4239B6A7C00FFD28C /* 7.swift in Sources */,
			);
			runOnlyForDeploymentPostprocessing = 0;
		};
		DC6D0C0423A816F300722F13 /* Sources */ = {
			isa = PBXSourcesBuildPhase;
			buildActionMask = 2147483647;
			files = (
				DC6D0C1023A8171100722F13 /* 16.swift in Sources */,
				DC6D0C0B23A816F300722F13 /* main.swift in Sources */,
			);
			runOnlyForDeploymentPostprocessing = 0;
		};
		DC72853C239F0E6200BD66DF /* Sources */ = {
			isa = PBXSourcesBuildPhase;
			buildActionMask = 2147483647;
			files = (
				DC72854A239F0F0A00BD66DF /* Computer.swift in Sources */,
				DC728543239F0E6200BD66DF /* main.swift in Sources */,
				DC728548239F0E7300BD66DF /* 9.swift in Sources */,
			);
			runOnlyForDeploymentPostprocessing = 0;
		};
		DC72854B239F66DC00BD66DF /* Sources */ = {
			isa = PBXSourcesBuildPhase;
			buildActionMask = 2147483647;
			files = (
				DC728557239F66F000BD66DF /* 10.swift in Sources */,
				DC728552239F66DC00BD66DF /* main.swift in Sources */,
			);
			runOnlyForDeploymentPostprocessing = 0;
		};
		DC77806323AB344900FF857D /* Sources */ = {
			isa = PBXSourcesBuildPhase;
			buildActionMask = 2147483647;
			files = (
				DC77806F23AB349C00FF857D /* 18.swift in Sources */,
				DC77806A23AB344900FF857D /* main.swift in Sources */,
				DC9C3B2223B2D2B70053FFF1 /* 18pt2.swift in Sources */,
			);
			runOnlyForDeploymentPostprocessing = 0;
		};
		DCA948AB2396271C00FDD597 /* Sources */ = {
			isa = PBXSourcesBuildPhase;
			buildActionMask = 2147483647;
			files = (
				DCA948B22396271C00FDD597 /* main.swift in Sources */,
				DCA948B72396273400FDD597 /* 3.swift in Sources */,
			);
			runOnlyForDeploymentPostprocessing = 0;
		};
		DCAC8E8123995F9F000F814A /* Sources */ = {
			isa = PBXSourcesBuildPhase;
			buildActionMask = 2147483647;
			files = (
				DCAC8E8823995F9F000F814A /* main.swift in Sources */,
				DCAC8E8D23996005000F814A /* 5.swift in Sources */,
			);
			runOnlyForDeploymentPostprocessing = 0;
		};
		DCD8658B239448D1003FD49F /* Sources */ = {
			isa = PBXSourcesBuildPhase;
			buildActionMask = 2147483647;
			files = (
				DCD86593239448D1003FD49F /* main.swift in Sources */,
			);
			runOnlyForDeploymentPostprocessing = 0;
		};
		DCD8659B2394492C003FD49F /* Sources */ = {
			isa = PBXSourcesBuildPhase;
			buildActionMask = 2147483647;
			files = (
				DCD865A22394492C003FD49F /* main.swift in Sources */,
				DC676BF923944D910088512B /* 1.swift in Sources */,
			);
			runOnlyForDeploymentPostprocessing = 0;
		};
		DCDA24E52398529D00E9A261 /* Sources */ = {
			isa = PBXSourcesBuildPhase;
			buildActionMask = 2147483647;
			files = (
				DCDA24F1239852AF00E9A261 /* 4.swift in Sources */,
				DCDA24EC2398529D00E9A261 /* main.swift in Sources */,
			);
			runOnlyForDeploymentPostprocessing = 0;
		};
		DCF8E9B423A33B7F00F5CC58 /* Sources */ = {
			isa = PBXSourcesBuildPhase;
			buildActionMask = 2147483647;
			files = (
				DCF8E9C023A33B8C00F5CC58 /* 12.swift in Sources */,
				DCF8E9BB23A33B7F00F5CC58 /* main.swift in Sources */,
			);
			runOnlyForDeploymentPostprocessing = 0;
		};
		DCF8E9C123A3F4EA00F5CC58 /* Sources */ = {
			isa = PBXSourcesBuildPhase;
			buildActionMask = 2147483647;
			files = (
				DCF8E9CC23A3F4F200F5CC58 /* Computer.swift in Sources */,
				DCF8E9C823A3F4EA00F5CC58 /* main.swift in Sources */,
				DCF8E9CE23A3F4FF00F5CC58 /* 13.swift in Sources */,
			);
			runOnlyForDeploymentPostprocessing = 0;
		};
/* End PBXSourcesBuildPhase section */

/* Begin XCBuildConfiguration section */
		DC00668223B43E330043559E /* Debug */ = {
			isa = XCBuildConfiguration;
			buildSettings = {
				CODE_SIGN_STYLE = Automatic;
				PRODUCT_NAME = "$(TARGET_NAME)";
				SWIFT_VERSION = 5.0;
			};
			name = Debug;
		};
		DC00668323B43E330043559E /* Release */ = {
			isa = XCBuildConfiguration;
			buildSettings = {
				CODE_SIGN_STYLE = Automatic;
				PRODUCT_NAME = "$(TARGET_NAME)";
				SWIFT_VERSION = 5.0;
			};
			name = Release;
		};
		DC00669223B5BDA90043559E /* Debug */ = {
			isa = XCBuildConfiguration;
			buildSettings = {
				CODE_SIGN_STYLE = Automatic;
				PRODUCT_NAME = "$(TARGET_NAME)";
				SWIFT_VERSION = 5.0;
			};
			name = Debug;
		};
		DC00669323B5BDA90043559E /* Release */ = {
			isa = XCBuildConfiguration;
			buildSettings = {
				CODE_SIGN_STYLE = Automatic;
				PRODUCT_NAME = "$(TARGET_NAME)";
				SWIFT_VERSION = 5.0;
			};
			name = Release;
		};
		DC0066A023B96F610043559E /* Debug */ = {
			isa = XCBuildConfiguration;
			buildSettings = {
				CODE_SIGN_STYLE = Automatic;
				PRODUCT_NAME = "$(TARGET_NAME)";
				SWIFT_VERSION = 5.0;
			};
			name = Debug;
		};
		DC0066A123B96F610043559E /* Release */ = {
			isa = XCBuildConfiguration;
			buildSettings = {
				CODE_SIGN_STYLE = Automatic;
				PRODUCT_NAME = "$(TARGET_NAME)";
				SWIFT_VERSION = 5.0;
			};
			name = Release;
		};
		DC0066AE23B9913E0043559E /* Debug */ = {
			isa = XCBuildConfiguration;
			buildSettings = {
				CODE_SIGN_STYLE = Automatic;
				PRODUCT_NAME = "$(TARGET_NAME)";
				SWIFT_VERSION = 5.0;
			};
			name = Debug;
		};
		DC0066AF23B9913E0043559E /* Release */ = {
			isa = XCBuildConfiguration;
			buildSettings = {
				CODE_SIGN_STYLE = Automatic;
				PRODUCT_NAME = "$(TARGET_NAME)";
				SWIFT_VERSION = 5.0;
			};
			name = Release;
		};
		DC04BD0023A65414007414CB /* Debug */ = {
			isa = XCBuildConfiguration;
			buildSettings = {
				CODE_SIGN_STYLE = Automatic;
				PRODUCT_NAME = "$(TARGET_NAME)";
				SWIFT_VERSION = 5.0;
			};
			name = Debug;
		};
		DC04BD0123A65414007414CB /* Release */ = {
			isa = XCBuildConfiguration;
			buildSettings = {
				CODE_SIGN_STYLE = Automatic;
				PRODUCT_NAME = "$(TARGET_NAME)";
				SWIFT_VERSION = 5.0;
			};
			name = Release;
		};
		DC059117239D892D00E9A418 /* Debug */ = {
			isa = XCBuildConfiguration;
			buildSettings = {
				CODE_SIGN_STYLE = Automatic;
				PRODUCT_NAME = "$(TARGET_NAME)";
				SWIFT_VERSION = 5.0;
			};
			name = Debug;
		};
		DC059118239D892D00E9A418 /* Release */ = {
			isa = XCBuildConfiguration;
			buildSettings = {
				CODE_SIGN_STYLE = Automatic;
				PRODUCT_NAME = "$(TARGET_NAME)";
				SWIFT_VERSION = 5.0;
			};
			name = Release;
		};
		DC15852C23C028F7007CAE62 /* Debug */ = {
			isa = XCBuildConfiguration;
			buildSettings = {
				CODE_SIGN_STYLE = Automatic;
				PRODUCT_NAME = "$(TARGET_NAME)";
				SWIFT_VERSION = 5.0;
			};
			name = Debug;
		};
		DC15852D23C028F7007CAE62 /* Release */ = {
			isa = XCBuildConfiguration;
			buildSettings = {
				CODE_SIGN_STYLE = Automatic;
				PRODUCT_NAME = "$(TARGET_NAME)";
				SWIFT_VERSION = 5.0;
			};
			name = Release;
		};
		DC15853B23C17208007CAE62 /* Debug */ = {
			isa = XCBuildConfiguration;
			buildSettings = {
				CODE_SIGN_STYLE = Automatic;
				PRODUCT_NAME = "$(TARGET_NAME)";
				SWIFT_VERSION = 5.0;
			};
			name = Debug;
		};
		DC15853C23C17208007CAE62 /* Release */ = {
			isa = XCBuildConfiguration;
			buildSettings = {
				CODE_SIGN_STYLE = Automatic;
				PRODUCT_NAME = "$(TARGET_NAME)";
				SWIFT_VERSION = 5.0;
			};
			name = Release;
		};
		DC15854823C18F48007CAE62 /* Debug */ = {
			isa = XCBuildConfiguration;
			buildSettings = {
				CODE_SIGN_STYLE = Automatic;
				PRODUCT_NAME = "$(TARGET_NAME)";
				SWIFT_VERSION = 5.0;
			};
			name = Debug;
		};
		DC15854923C18F48007CAE62 /* Release */ = {
			isa = XCBuildConfiguration;
			buildSettings = {
				CODE_SIGN_STYLE = Automatic;
				PRODUCT_NAME = "$(TARGET_NAME)";
				SWIFT_VERSION = 5.0;
			};
			name = Release;
		};
		DC3C43C523A89A7E00BE66A9 /* Debug */ = {
			isa = XCBuildConfiguration;
			buildSettings = {
				CODE_SIGN_STYLE = Automatic;
				PRODUCT_NAME = "$(TARGET_NAME)";
				SWIFT_VERSION = 5.0;
			};
			name = Debug;
		};
		DC3C43C623A89A7E00BE66A9 /* Release */ = {
			isa = XCBuildConfiguration;
			buildSettings = {
				CODE_SIGN_STYLE = Automatic;
				PRODUCT_NAME = "$(TARGET_NAME)";
				SWIFT_VERSION = 5.0;
			};
			name = Release;
		};
		DC3D83EF2395A98200782493 /* Debug */ = {
			isa = XCBuildConfiguration;
			buildSettings = {
				CODE_SIGN_STYLE = Automatic;
				PRODUCT_NAME = "$(TARGET_NAME)";
				SWIFT_VERSION = 5.0;
			};
			name = Debug;
		};
		DC3D83F02395A98200782493 /* Release */ = {
			isa = XCBuildConfiguration;
			buildSettings = {
				CODE_SIGN_STYLE = Automatic;
				PRODUCT_NAME = "$(TARGET_NAME)";
				SWIFT_VERSION = 5.0;
			};
			name = Release;
		};
		DC53BC5423A1E4E100A25E56 /* Debug */ = {
			isa = XCBuildConfiguration;
			buildSettings = {
				CODE_SIGN_STYLE = Automatic;
				PRODUCT_NAME = "$(TARGET_NAME)";
				SWIFT_VERSION = 5.0;
			};
			name = Debug;
		};
		DC53BC5523A1E4E100A25E56 /* Release */ = {
			isa = XCBuildConfiguration;
			buildSettings = {
				CODE_SIGN_STYLE = Automatic;
				PRODUCT_NAME = "$(TARGET_NAME)";
				SWIFT_VERSION = 5.0;
			};
			name = Release;
		};
		DC559C8223A580ED00E43947 /* Debug */ = {
			isa = XCBuildConfiguration;
			buildSettings = {
				CODE_SIGN_STYLE = Automatic;
				PRODUCT_NAME = "$(TARGET_NAME)";
				SWIFT_VERSION = 5.0;
			};
			name = Debug;
		};
		DC559C8323A580ED00E43947 /* Release */ = {
			isa = XCBuildConfiguration;
			buildSettings = {
				CODE_SIGN_STYLE = Automatic;
				PRODUCT_NAME = "$(TARGET_NAME)";
				SWIFT_VERSION = 5.0;
			};
			name = Release;
		};
		DC619693239B5B5E00FFD28C /* Debug */ = {
			isa = XCBuildConfiguration;
			buildSettings = {
				CODE_SIGN_STYLE = Automatic;
				PRODUCT_NAME = "$(TARGET_NAME)";
				SWIFT_VERSION = 5.0;
			};
			name = Debug;
		};
		DC619694239B5B5E00FFD28C /* Release */ = {
			isa = XCBuildConfiguration;
			buildSettings = {
				CODE_SIGN_STYLE = Automatic;
				PRODUCT_NAME = "$(TARGET_NAME)";
				SWIFT_VERSION = 5.0;
			};
			name = Release;
		};
		DC6196A1239B6A6A00FFD28C /* Debug */ = {
			isa = XCBuildConfiguration;
			buildSettings = {
				CODE_SIGN_STYLE = Automatic;
				PRODUCT_NAME = "$(TARGET_NAME)";
				SWIFT_VERSION = 5.0;
			};
			name = Debug;
		};
		DC6196A2239B6A6A00FFD28C /* Release */ = {
			isa = XCBuildConfiguration;
			buildSettings = {
				CODE_SIGN_STYLE = Automatic;
				PRODUCT_NAME = "$(TARGET_NAME)";
				SWIFT_VERSION = 5.0;
			};
			name = Release;
		};
		DC6D0C0C23A816F300722F13 /* Debug */ = {
			isa = XCBuildConfiguration;
			buildSettings = {
				CODE_SIGN_STYLE = Automatic;
				PRODUCT_NAME = "$(TARGET_NAME)";
				SWIFT_VERSION = 5.0;
			};
			name = Debug;
		};
		DC6D0C0D23A816F300722F13 /* Release */ = {
			isa = XCBuildConfiguration;
			buildSettings = {
				CODE_SIGN_STYLE = Automatic;
				PRODUCT_NAME = "$(TARGET_NAME)";
				SWIFT_VERSION = 5.0;
			};
			name = Release;
		};
		DC728544239F0E6200BD66DF /* Debug */ = {
			isa = XCBuildConfiguration;
			buildSettings = {
				CODE_SIGN_STYLE = Automatic;
				PRODUCT_NAME = "$(TARGET_NAME)";
				SWIFT_VERSION = 5.0;
			};
			name = Debug;
		};
		DC728545239F0E6200BD66DF /* Release */ = {
			isa = XCBuildConfiguration;
			buildSettings = {
				CODE_SIGN_STYLE = Automatic;
				PRODUCT_NAME = "$(TARGET_NAME)";
				SWIFT_VERSION = 5.0;
			};
			name = Release;
		};
		DC728554239F66DC00BD66DF /* Debug */ = {
			isa = XCBuildConfiguration;
			buildSettings = {
				CODE_SIGN_STYLE = Automatic;
				PRODUCT_NAME = "$(TARGET_NAME)";
				SWIFT_VERSION = 5.0;
			};
			name = Debug;
		};
		DC728555239F66DC00BD66DF /* Release */ = {
			isa = XCBuildConfiguration;
			buildSettings = {
				CODE_SIGN_STYLE = Automatic;
				PRODUCT_NAME = "$(TARGET_NAME)";
				SWIFT_VERSION = 5.0;
			};
			name = Release;
		};
		DC77806B23AB344900FF857D /* Debug */ = {
			isa = XCBuildConfiguration;
			buildSettings = {
				CODE_SIGN_STYLE = Automatic;
				PRODUCT_NAME = "$(TARGET_NAME)";
				SWIFT_VERSION = 5.0;
			};
			name = Debug;
		};
		DC77806C23AB344900FF857D /* Release */ = {
			isa = XCBuildConfiguration;
			buildSettings = {
				CODE_SIGN_STYLE = Automatic;
				PRODUCT_NAME = "$(TARGET_NAME)";
				SWIFT_VERSION = 5.0;
			};
			name = Release;
		};
		DCA948B32396271C00FDD597 /* Debug */ = {
			isa = XCBuildConfiguration;
			buildSettings = {
				CODE_SIGN_STYLE = Automatic;
				PRODUCT_NAME = "$(TARGET_NAME)";
				SWIFT_VERSION = 5.0;
			};
			name = Debug;
		};
		DCA948B42396271C00FDD597 /* Release */ = {
			isa = XCBuildConfiguration;
			buildSettings = {
				CODE_SIGN_STYLE = Automatic;
				PRODUCT_NAME = "$(TARGET_NAME)";
				SWIFT_VERSION = 5.0;
			};
			name = Release;
		};
		DCAC8E8923995F9F000F814A /* Debug */ = {
			isa = XCBuildConfiguration;
			buildSettings = {
				CODE_SIGN_STYLE = Automatic;
				PRODUCT_NAME = "$(TARGET_NAME)";
				SWIFT_VERSION = 5.0;
			};
			name = Debug;
		};
		DCAC8E8A23995F9F000F814A /* Release */ = {
			isa = XCBuildConfiguration;
			buildSettings = {
				CODE_SIGN_STYLE = Automatic;
				PRODUCT_NAME = "$(TARGET_NAME)";
				SWIFT_VERSION = 5.0;
			};
			name = Release;
		};
		DCD86594239448D1003FD49F /* Debug */ = {
			isa = XCBuildConfiguration;
			buildSettings = {
				ALWAYS_SEARCH_USER_PATHS = NO;
				CLANG_ANALYZER_NONNULL = YES;
				CLANG_ANALYZER_NUMBER_OBJECT_CONVERSION = YES_AGGRESSIVE;
				CLANG_CXX_LANGUAGE_STANDARD = "gnu++14";
				CLANG_CXX_LIBRARY = "libc++";
				CLANG_ENABLE_MODULES = YES;
				CLANG_ENABLE_OBJC_ARC = YES;
				CLANG_ENABLE_OBJC_WEAK = YES;
				CLANG_WARN_BLOCK_CAPTURE_AUTORELEASING = YES;
				CLANG_WARN_BOOL_CONVERSION = YES;
				CLANG_WARN_COMMA = YES;
				CLANG_WARN_CONSTANT_CONVERSION = YES;
				CLANG_WARN_DEPRECATED_OBJC_IMPLEMENTATIONS = YES;
				CLANG_WARN_DIRECT_OBJC_ISA_USAGE = YES_ERROR;
				CLANG_WARN_DOCUMENTATION_COMMENTS = YES;
				CLANG_WARN_EMPTY_BODY = YES;
				CLANG_WARN_ENUM_CONVERSION = YES;
				CLANG_WARN_INFINITE_RECURSION = YES;
				CLANG_WARN_INT_CONVERSION = YES;
				CLANG_WARN_NON_LITERAL_NULL_CONVERSION = YES;
				CLANG_WARN_OBJC_IMPLICIT_RETAIN_SELF = YES;
				CLANG_WARN_OBJC_LITERAL_CONVERSION = YES;
				CLANG_WARN_OBJC_ROOT_CLASS = YES_ERROR;
				CLANG_WARN_RANGE_LOOP_ANALYSIS = YES;
				CLANG_WARN_STRICT_PROTOTYPES = YES;
				CLANG_WARN_SUSPICIOUS_MOVE = YES;
				CLANG_WARN_UNGUARDED_AVAILABILITY = YES_AGGRESSIVE;
				CLANG_WARN_UNREACHABLE_CODE = YES;
				CLANG_WARN__DUPLICATE_METHOD_MATCH = YES;
				COPY_PHASE_STRIP = NO;
				DEBUG_INFORMATION_FORMAT = dwarf;
				ENABLE_STRICT_OBJC_MSGSEND = YES;
				ENABLE_TESTABILITY = YES;
				GCC_C_LANGUAGE_STANDARD = gnu11;
				GCC_DYNAMIC_NO_PIC = NO;
				GCC_NO_COMMON_BLOCKS = YES;
				GCC_OPTIMIZATION_LEVEL = 0;
				GCC_PREPROCESSOR_DEFINITIONS = (
					"DEBUG=1",
					"$(inherited)",
				);
				GCC_WARN_64_TO_32_BIT_CONVERSION = YES;
				GCC_WARN_ABOUT_RETURN_TYPE = YES_ERROR;
				GCC_WARN_UNDECLARED_SELECTOR = YES;
				GCC_WARN_UNINITIALIZED_AUTOS = YES_AGGRESSIVE;
				GCC_WARN_UNUSED_FUNCTION = YES;
				GCC_WARN_UNUSED_VARIABLE = YES;
				MACOSX_DEPLOYMENT_TARGET = 10.14;
				MTL_ENABLE_DEBUG_INFO = INCLUDE_SOURCE;
				MTL_FAST_MATH = YES;
				ONLY_ACTIVE_ARCH = YES;
				SDKROOT = macosx;
				SWIFT_ACTIVE_COMPILATION_CONDITIONS = DEBUG;
				SWIFT_OPTIMIZATION_LEVEL = "-Onone";
			};
			name = Debug;
		};
		DCD86595239448D1003FD49F /* Release */ = {
			isa = XCBuildConfiguration;
			buildSettings = {
				ALWAYS_SEARCH_USER_PATHS = NO;
				CLANG_ANALYZER_NONNULL = YES;
				CLANG_ANALYZER_NUMBER_OBJECT_CONVERSION = YES_AGGRESSIVE;
				CLANG_CXX_LANGUAGE_STANDARD = "gnu++14";
				CLANG_CXX_LIBRARY = "libc++";
				CLANG_ENABLE_MODULES = YES;
				CLANG_ENABLE_OBJC_ARC = YES;
				CLANG_ENABLE_OBJC_WEAK = YES;
				CLANG_WARN_BLOCK_CAPTURE_AUTORELEASING = YES;
				CLANG_WARN_BOOL_CONVERSION = YES;
				CLANG_WARN_COMMA = YES;
				CLANG_WARN_CONSTANT_CONVERSION = YES;
				CLANG_WARN_DEPRECATED_OBJC_IMPLEMENTATIONS = YES;
				CLANG_WARN_DIRECT_OBJC_ISA_USAGE = YES_ERROR;
				CLANG_WARN_DOCUMENTATION_COMMENTS = YES;
				CLANG_WARN_EMPTY_BODY = YES;
				CLANG_WARN_ENUM_CONVERSION = YES;
				CLANG_WARN_INFINITE_RECURSION = YES;
				CLANG_WARN_INT_CONVERSION = YES;
				CLANG_WARN_NON_LITERAL_NULL_CONVERSION = YES;
				CLANG_WARN_OBJC_IMPLICIT_RETAIN_SELF = YES;
				CLANG_WARN_OBJC_LITERAL_CONVERSION = YES;
				CLANG_WARN_OBJC_ROOT_CLASS = YES_ERROR;
				CLANG_WARN_RANGE_LOOP_ANALYSIS = YES;
				CLANG_WARN_STRICT_PROTOTYPES = YES;
				CLANG_WARN_SUSPICIOUS_MOVE = YES;
				CLANG_WARN_UNGUARDED_AVAILABILITY = YES_AGGRESSIVE;
				CLANG_WARN_UNREACHABLE_CODE = YES;
				CLANG_WARN__DUPLICATE_METHOD_MATCH = YES;
				COPY_PHASE_STRIP = NO;
				DEBUG_INFORMATION_FORMAT = "dwarf-with-dsym";
				ENABLE_NS_ASSERTIONS = NO;
				ENABLE_STRICT_OBJC_MSGSEND = YES;
				GCC_C_LANGUAGE_STANDARD = gnu11;
				GCC_NO_COMMON_BLOCKS = YES;
				GCC_WARN_64_TO_32_BIT_CONVERSION = YES;
				GCC_WARN_ABOUT_RETURN_TYPE = YES_ERROR;
				GCC_WARN_UNDECLARED_SELECTOR = YES;
				GCC_WARN_UNINITIALIZED_AUTOS = YES_AGGRESSIVE;
				GCC_WARN_UNUSED_FUNCTION = YES;
				GCC_WARN_UNUSED_VARIABLE = YES;
				MACOSX_DEPLOYMENT_TARGET = 10.14;
				MTL_ENABLE_DEBUG_INFO = NO;
				MTL_FAST_MATH = YES;
				SDKROOT = macosx;
				SWIFT_COMPILATION_MODE = wholemodule;
				SWIFT_OPTIMIZATION_LEVEL = "-O";
			};
			name = Release;
		};
		DCD86597239448D1003FD49F /* Debug */ = {
			isa = XCBuildConfiguration;
			buildSettings = {
				CODE_SIGN_STYLE = Automatic;
				PRODUCT_NAME = "$(TARGET_NAME)";
				SWIFT_VERSION = 5.0;
			};
			name = Debug;
		};
		DCD86598239448D1003FD49F /* Release */ = {
			isa = XCBuildConfiguration;
			buildSettings = {
				CODE_SIGN_STYLE = Automatic;
				PRODUCT_NAME = "$(TARGET_NAME)";
				SWIFT_VERSION = 5.0;
			};
			name = Release;
		};
		DCD865A42394492C003FD49F /* Debug */ = {
			isa = XCBuildConfiguration;
			buildSettings = {
				CODE_SIGN_STYLE = Automatic;
				PRODUCT_NAME = "$(TARGET_NAME)";
				SWIFT_VERSION = 5.0;
			};
			name = Debug;
		};
		DCD865A52394492C003FD49F /* Release */ = {
			isa = XCBuildConfiguration;
			buildSettings = {
				CODE_SIGN_STYLE = Automatic;
				PRODUCT_NAME = "$(TARGET_NAME)";
				SWIFT_VERSION = 5.0;
			};
			name = Release;
		};
		DCDA24ED2398529D00E9A261 /* Debug */ = {
			isa = XCBuildConfiguration;
			buildSettings = {
				CODE_SIGN_STYLE = Automatic;
				PRODUCT_NAME = "$(TARGET_NAME)";
				SWIFT_VERSION = 5.0;
			};
			name = Debug;
		};
		DCDA24EE2398529D00E9A261 /* Release */ = {
			isa = XCBuildConfiguration;
			buildSettings = {
				CODE_SIGN_STYLE = Automatic;
				PRODUCT_NAME = "$(TARGET_NAME)";
				SWIFT_VERSION = 5.0;
			};
			name = Release;
		};
		DCF8E9BC23A33B7F00F5CC58 /* Debug */ = {
			isa = XCBuildConfiguration;
			buildSettings = {
				CODE_SIGN_STYLE = Automatic;
				PRODUCT_NAME = "$(TARGET_NAME)";
				SWIFT_VERSION = 5.0;
			};
			name = Debug;
		};
		DCF8E9BD23A33B7F00F5CC58 /* Release */ = {
			isa = XCBuildConfiguration;
			buildSettings = {
				CODE_SIGN_STYLE = Automatic;
				PRODUCT_NAME = "$(TARGET_NAME)";
				SWIFT_VERSION = 5.0;
			};
			name = Release;
		};
		DCF8E9CA23A3F4EA00F5CC58 /* Debug */ = {
			isa = XCBuildConfiguration;
			buildSettings = {
				CODE_SIGN_STYLE = Automatic;
				PRODUCT_NAME = "$(TARGET_NAME)";
				SWIFT_VERSION = 5.0;
			};
			name = Debug;
		};
		DCF8E9CB23A3F4EA00F5CC58 /* Release */ = {
			isa = XCBuildConfiguration;
			buildSettings = {
				CODE_SIGN_STYLE = Automatic;
				PRODUCT_NAME = "$(TARGET_NAME)";
				SWIFT_VERSION = 5.0;
			};
			name = Release;
		};
/* End XCBuildConfiguration section */

/* Begin XCConfigurationList section */
		DC00668423B43E330043559E /* Build configuration list for PBXNativeTarget "19" */ = {
			isa = XCConfigurationList;
			buildConfigurations = (
				DC00668223B43E330043559E /* Debug */,
				DC00668323B43E330043559E /* Release */,
			);
			defaultConfigurationIsVisible = 0;
			defaultConfigurationName = Release;
		};
		DC00669423B5BDA90043559E /* Build configuration list for PBXNativeTarget "20" */ = {
			isa = XCConfigurationList;
			buildConfigurations = (
				DC00669223B5BDA90043559E /* Debug */,
				DC00669323B5BDA90043559E /* Release */,
			);
			defaultConfigurationIsVisible = 0;
			defaultConfigurationName = Release;
		};
		DC00669F23B96F610043559E /* Build configuration list for PBXNativeTarget "21" */ = {
			isa = XCConfigurationList;
			buildConfigurations = (
				DC0066A023B96F610043559E /* Debug */,
				DC0066A123B96F610043559E /* Release */,
			);
			defaultConfigurationIsVisible = 0;
			defaultConfigurationName = Release;
		};
		DC0066AD23B9913E0043559E /* Build configuration list for PBXNativeTarget "22" */ = {
			isa = XCConfigurationList;
			buildConfigurations = (
				DC0066AE23B9913E0043559E /* Debug */,
				DC0066AF23B9913E0043559E /* Release */,
			);
			defaultConfigurationIsVisible = 0;
			defaultConfigurationName = Release;
		};
		DC04BD0223A65414007414CB /* Build configuration list for PBXNativeTarget "15" */ = {
			isa = XCConfigurationList;
			buildConfigurations = (
				DC04BD0023A65414007414CB /* Debug */,
				DC04BD0123A65414007414CB /* Release */,
			);
			defaultConfigurationIsVisible = 0;
			defaultConfigurationName = Release;
		};
		DC059119239D892D00E9A418 /* Build configuration list for PBXNativeTarget "8" */ = {
			isa = XCConfigurationList;
			buildConfigurations = (
				DC059117239D892D00E9A418 /* Debug */,
				DC059118239D892D00E9A418 /* Release */,
			);
			defaultConfigurationIsVisible = 0;
			defaultConfigurationName = Release;
		};
		DC15852E23C028F7007CAE62 /* Build configuration list for PBXNativeTarget "23" */ = {
			isa = XCConfigurationList;
			buildConfigurations = (
				DC15852C23C028F7007CAE62 /* Debug */,
				DC15852D23C028F7007CAE62 /* Release */,
			);
			defaultConfigurationIsVisible = 0;
			defaultConfigurationName = Release;
		};
		DC15853A23C17208007CAE62 /* Build configuration list for PBXNativeTarget "24" */ = {
			isa = XCConfigurationList;
			buildConfigurations = (
				DC15853B23C17208007CAE62 /* Debug */,
				DC15853C23C17208007CAE62 /* Release */,
			);
			defaultConfigurationIsVisible = 0;
			defaultConfigurationName = Release;
		};
		DC15854723C18F48007CAE62 /* Build configuration list for PBXNativeTarget "25" */ = {
			isa = XCConfigurationList;
			buildConfigurations = (
				DC15854823C18F48007CAE62 /* Debug */,
				DC15854923C18F48007CAE62 /* Release */,
			);
			defaultConfigurationIsVisible = 0;
			defaultConfigurationName = Release;
		};
		DC3C43C723A89A7E00BE66A9 /* Build configuration list for PBXNativeTarget "17" */ = {
			isa = XCConfigurationList;
			buildConfigurations = (
				DC3C43C523A89A7E00BE66A9 /* Debug */,
				DC3C43C623A89A7E00BE66A9 /* Release */,
			);
			defaultConfigurationIsVisible = 0;
			defaultConfigurationName = Release;
		};
		DC3D83F12395A98200782493 /* Build configuration list for PBXNativeTarget "2" */ = {
			isa = XCConfigurationList;
			buildConfigurations = (
				DC3D83EF2395A98200782493 /* Debug */,
				DC3D83F02395A98200782493 /* Release */,
			);
			defaultConfigurationIsVisible = 0;
			defaultConfigurationName = Release;
		};
		DC53BC5623A1E4E100A25E56 /* Build configuration list for PBXNativeTarget "11" */ = {
			isa = XCConfigurationList;
			buildConfigurations = (
				DC53BC5423A1E4E100A25E56 /* Debug */,
				DC53BC5523A1E4E100A25E56 /* Release */,
			);
			defaultConfigurationIsVisible = 0;
			defaultConfigurationName = Release;
		};
		DC559C8423A580ED00E43947 /* Build configuration list for PBXNativeTarget "14" */ = {
			isa = XCConfigurationList;
			buildConfigurations = (
				DC559C8223A580ED00E43947 /* Debug */,
				DC559C8323A580ED00E43947 /* Release */,
			);
			defaultConfigurationIsVisible = 0;
			defaultConfigurationName = Release;
		};
		DC619695239B5B5E00FFD28C /* Build configuration list for PBXNativeTarget "6" */ = {
			isa = XCConfigurationList;
			buildConfigurations = (
				DC619693239B5B5E00FFD28C /* Debug */,
				DC619694239B5B5E00FFD28C /* Release */,
			);
			defaultConfigurationIsVisible = 0;
			defaultConfigurationName = Release;
		};
		DC6196A0239B6A6A00FFD28C /* Build configuration list for PBXNativeTarget "7" */ = {
			isa = XCConfigurationList;
			buildConfigurations = (
				DC6196A1239B6A6A00FFD28C /* Debug */,
				DC6196A2239B6A6A00FFD28C /* Release */,
			);
			defaultConfigurationIsVisible = 0;
			defaultConfigurationName = Release;
		};
		DC6D0C0E23A816F300722F13 /* Build configuration list for PBXNativeTarget "16" */ = {
			isa = XCConfigurationList;
			buildConfigurations = (
				DC6D0C0C23A816F300722F13 /* Debug */,
				DC6D0C0D23A816F300722F13 /* Release */,
			);
			defaultConfigurationIsVisible = 0;
			defaultConfigurationName = Release;
		};
		DC728546239F0E6200BD66DF /* Build configuration list for PBXNativeTarget "9" */ = {
			isa = XCConfigurationList;
			buildConfigurations = (
				DC728544239F0E6200BD66DF /* Debug */,
				DC728545239F0E6200BD66DF /* Release */,
			);
			defaultConfigurationIsVisible = 0;
			defaultConfigurationName = Release;
		};
		DC728553239F66DC00BD66DF /* Build configuration list for PBXNativeTarget "10" */ = {
			isa = XCConfigurationList;
			buildConfigurations = (
				DC728554239F66DC00BD66DF /* Debug */,
				DC728555239F66DC00BD66DF /* Release */,
			);
			defaultConfigurationIsVisible = 0;
			defaultConfigurationName = Release;
		};
		DC77806D23AB344900FF857D /* Build configuration list for PBXNativeTarget "18" */ = {
			isa = XCConfigurationList;
			buildConfigurations = (
				DC77806B23AB344900FF857D /* Debug */,
				DC77806C23AB344900FF857D /* Release */,
			);
			defaultConfigurationIsVisible = 0;
			defaultConfigurationName = Release;
		};
		DCA948B52396271C00FDD597 /* Build configuration list for PBXNativeTarget "3" */ = {
			isa = XCConfigurationList;
			buildConfigurations = (
				DCA948B32396271C00FDD597 /* Debug */,
				DCA948B42396271C00FDD597 /* Release */,
			);
			defaultConfigurationIsVisible = 0;
			defaultConfigurationName = Release;
		};
		DCAC8E8B23995F9F000F814A /* Build configuration list for PBXNativeTarget "5" */ = {
			isa = XCConfigurationList;
			buildConfigurations = (
				DCAC8E8923995F9F000F814A /* Debug */,
				DCAC8E8A23995F9F000F814A /* Release */,
			);
			defaultConfigurationIsVisible = 0;
			defaultConfigurationName = Release;
		};
		DCD8658A239448D1003FD49F /* Build configuration list for PBXProject "Advent2019" */ = {
			isa = XCConfigurationList;
			buildConfigurations = (
				DCD86594239448D1003FD49F /* Debug */,
				DCD86595239448D1003FD49F /* Release */,
			);
			defaultConfigurationIsVisible = 0;
			defaultConfigurationName = Release;
		};
		DCD86596239448D1003FD49F /* Build configuration list for PBXNativeTarget "Advent2019" */ = {
			isa = XCConfigurationList;
			buildConfigurations = (
				DCD86597239448D1003FD49F /* Debug */,
				DCD86598239448D1003FD49F /* Release */,
			);
			defaultConfigurationIsVisible = 0;
			defaultConfigurationName = Release;
		};
		DCD865A32394492C003FD49F /* Build configuration list for PBXNativeTarget "1" */ = {
			isa = XCConfigurationList;
			buildConfigurations = (
				DCD865A42394492C003FD49F /* Debug */,
				DCD865A52394492C003FD49F /* Release */,
			);
			defaultConfigurationIsVisible = 0;
			defaultConfigurationName = Release;
		};
		DCDA24EF2398529D00E9A261 /* Build configuration list for PBXNativeTarget "4" */ = {
			isa = XCConfigurationList;
			buildConfigurations = (
				DCDA24ED2398529D00E9A261 /* Debug */,
				DCDA24EE2398529D00E9A261 /* Release */,
			);
			defaultConfigurationIsVisible = 0;
			defaultConfigurationName = Release;
		};
		DCF8E9BE23A33B7F00F5CC58 /* Build configuration list for PBXNativeTarget "12" */ = {
			isa = XCConfigurationList;
			buildConfigurations = (
				DCF8E9BC23A33B7F00F5CC58 /* Debug */,
				DCF8E9BD23A33B7F00F5CC58 /* Release */,
			);
			defaultConfigurationIsVisible = 0;
			defaultConfigurationName = Release;
		};
		DCF8E9C923A3F4EA00F5CC58 /* Build configuration list for PBXNativeTarget "13" */ = {
			isa = XCConfigurationList;
			buildConfigurations = (
				DCF8E9CA23A3F4EA00F5CC58 /* Debug */,
				DCF8E9CB23A3F4EA00F5CC58 /* Release */,
			);
			defaultConfigurationIsVisible = 0;
			defaultConfigurationName = Release;
		};
/* End XCConfigurationList section */
	};
	rootObject = DCD86587239448D1003FD49F /* Project object */;
}
